
Microsoft Visual Studio Solution File, Format Version 12.00
# Visual Studio 15
VisualStudioVersion = 15.0.28307.438
MinimumVisualStudioVersion = 10.0.40219.1
Project("{FAE04EC0-301F-11D3-BF4B-00C04F79EFBC}") = "WingtipToys", "WingtipToys\WingtipToys.csproj", "{E382AB8A-B628-496F-A0D0-46AC1A3C154A}"
EndProject
Global
	GlobalSection(SolutionConfigurationPlatforms) = preSolution
		Debug|Any CPU = Debug|Any CPU
		Release|Any CPU = Release|Any CPU
	EndGlobalSection
	GlobalSection(ProjectConfigurationPlatforms) = postSolution
		{E382AB8A-B628-496F-A0D0-46AC1A3C154A}.Debug|Any CPU.ActiveCfg = Debug|Any CPU
		{E382AB8A-B628-496F-A0D0-46AC1A3C154A}.Debug|Any CPU.Build.0 = Debug|Any CPU
		{E382AB8A-B628-496F-A0D0-46AC1A3C154A}.Release|Any CPU.ActiveCfg = Release|Any CPU
		{E382AB8A-B628-496F-A0D0-46AC1A3C154A}.Release|Any CPU.Build.0 = Release|Any CPU
	EndGlobalSection
	GlobalSection(SolutionProperties) = preSolution
		HideSolutionNode = FALSE
	EndGlobalSection
	GlobalSection(ExtensibilityGlobals) = postSolution
		SolutionGuid = {202B593F-08ED-4A62-939E-C5B2FCE20D07}
	EndGlobalSection
EndGlobal
