
Microsoft Visual Studio Solution File, Format Version 12.00
# Visual Studio 15
VisualStudioVersion = 15.0.27130.0
MinimumVisualStudioVersion = 10.0.40219.1
Project("{8BC9CEB8-8B4A-11D0-8D11-00A0C91BC942}") = "SeparateThreadWindow", "SeparateThreadWindow\SeparateThreadWindow.vcxproj", "{DA6FFF2B-2356-4369-9D44-0EDD532C5423}"
EndProject
Project("{FAE04EC0-301F-11D3-BF4B-00C04F79EFBC}") = "EscapeKey", "EscapeKey\EscapeKey.csproj", "{566928CA-1DB7-4BE4-BD86-207BBC328B61}"
EndProject
Project("{FAE04EC0-301F-11D3-BF4B-00C04F79EFBC}") = "EFDuplicateProblem", "EFDuplicateProblem\EFDuplicateProblem.csproj", "{66F72904-7EA4-4B88-A369-4FF9AC942F43}"
EndProject
Project("{FAE04EC0-301F-11D3-BF4B-00C04F79EFBC}") = "CommonDataClass", "CommonDataClass\CommonDataClass.csproj", "{B7601A58-BA57-465A-ACAB-00110A3F7D68}"
EndProject
Project("{F184B08F-C81C-45F6-A57F-5ABD9991F28F}") = "vbArray", "vbArray\vbArray.vbproj", "{EE8F6172-81EB-4194-B922-105A6939A83A}"
EndProject
Project("{FAE04EC0-301F-11D3-BF4B-00C04F79EFBC}") = "CustomFormatNumber", "CustomFormatNumber\CustomFormatNumber.csproj", "{06C638B5-A69B-4C10-A990-A5B754E169EB}"
EndProject
Project("{F184B08F-C81C-45F6-A57F-5ABD9991F28F}") = "vbWpf", "vbWpf\vbWpf.vbproj", "{67B73F52-6528-4141-AB20-CDF53652D787}"
EndProject
Project("{8BC9CEB8-8B4A-11D0-8D11-00A0C91BC942}") = "cppConsole", "cppConsole\cppConsole.vcxproj", "{4A1A2A52-F711-42D9-ABAB-93A3DCFD71FE}"
EndProject
Project("{FAE04EC0-301F-11D3-BF4B-00C04F79EFBC}") = "csConsole", "csConsole\csConsole.csproj", "{FA06DA38-9047-46ED-8C62-E99969B52924}"
EndProject
Project("{FAE04EC0-301F-11D3-BF4B-00C04F79EFBC}") = "csUWP", "csUWP\csUWP.csproj", "{DE0F699B-44DF-4E01-BEAF-DDCD55A24167}"
EndProject
Project("{FAE04EC0-301F-11D3-BF4B-00C04F79EFBC}") = "TakeValuesOfTypeAndValue", "TakeValuesOfTypeAndValue\TakeValuesOfTypeAndValue.csproj", "{5D74B4A5-DBB8-4A06-A496-151C9414B565}"
EndProject
Project("{FAE04EC0-301F-11D3-BF4B-00C04F79EFBC}") = "ConsoleToForm", "ConsoleToForm\ConsoleToForm.csproj", "{CFE7B807-7B8D-4082-99F8-AF7D9E64659E}"
EndProject
Project("{8BC9CEB8-8B4A-11D0-8D11-00A0C91BC942}") = "CreateWindowException", "CreateWindowException\CreateWindowException.vcxproj", "{949BC428-0343-4529-AD9F-2CA5F46BF2E4}"
EndProject
Project("{FAE04EC0-301F-11D3-BF4B-00C04F79EFBC}") = "RediretStdIO", "RediretStdIO\RediretStdIO.csproj", "{85EC97A4-28BA-4C3B-9688-27CCA882C5FC}"
EndProject
Project("{FAE04EC0-301F-11D3-BF4B-00C04F79EFBC}") = "WinFormConsole", "WinFormConsole\WinFormConsole.csproj", "{1CA76D17-6569-4280-9531-819A26CF5CE6}"
EndProject
Project("{8BC9CEB8-8B4A-11D0-8D11-00A0C91BC942}") = "InitializingStructWithCurlyBrackets", "InitializingStructWithCurlyBrackets\InitializingStructWithCurlyBrackets.vcxproj", "{CCAC08C2-BEE8-438B-8D6C-AFD96F47191D}"
EndProject
Project("{8BC9CEB8-8B4A-11D0-8D11-00A0C91BC942}") = "MemoryLeak", "MemoryLeak\MemoryLeak.vcxproj", "{84C41E87-77F6-4CAB-BE16-3FFF9EF83C29}"
EndProject
Project("{FAE04EC0-301F-11D3-BF4B-00C04F79EFBC}") = "WindowsFormsApp1", "WindowsFormsApp1\WindowsFormsApp1.csproj", "{CCA85CD4-0A6A-433C-87ED-FCEE0A19DFBB}"
EndProject
Project("{FAE04EC0-301F-11D3-BF4B-00C04F79EFBC}") = "SampleSmtpClient", "SampleSmtpClient\SampleSmtpClient.csproj", "{D53AC700-DAE4-448C-9202-11D04C26A598}"
EndProject
Project("{FAE04EC0-301F-11D3-BF4B-00C04F79EFBC}") = "WndProcKbd", "WndProcKbd\WndProcKbd.csproj", "{18248AC5-FB26-4940-B23B-E00AE370FAC9}"
EndProject
Project("{FAE04EC0-301F-11D3-BF4B-00C04F79EFBC}") = "TreeViewBeforeExpand", "TreeViewBeforeExpand\TreeViewBeforeExpand.csproj", "{B73CB776-F575-4BB6-B324-D99E6D620896}"
EndProject
Global
	GlobalSection(SolutionConfigurationPlatforms) = preSolution
		Debug|Any CPU = Debug|Any CPU
		Debug|ARM = Debug|ARM
		Debug|ARM64 = Debug|ARM64
		Debug|x64 = Debug|x64
		Debug|x86 = Debug|x86
		Release|Any CPU = Release|Any CPU
		Release|ARM = Release|ARM
		Release|ARM64 = Release|ARM64
		Release|x64 = Release|x64
		Release|x86 = Release|x86
	EndGlobalSection
	GlobalSection(ProjectConfigurationPlatforms) = postSolution
		{DA6FFF2B-2356-4369-9D44-0EDD532C5423}.Debug|Any CPU.ActiveCfg = Debug|Win32
		{DA6FFF2B-2356-4369-9D44-0EDD532C5423}.Debug|ARM.ActiveCfg = Debug|Win32
		{DA6FFF2B-2356-4369-9D44-0EDD532C5423}.Debug|ARM64.ActiveCfg = Debug|Win32
		{DA6FFF2B-2356-4369-9D44-0EDD532C5423}.Debug|x64.ActiveCfg = Debug|x64
		{DA6FFF2B-2356-4369-9D44-0EDD532C5423}.Debug|x64.Build.0 = Debug|x64
		{DA6FFF2B-2356-4369-9D44-0EDD532C5423}.Debug|x86.ActiveCfg = Debug|Win32
		{DA6FFF2B-2356-4369-9D44-0EDD532C5423}.Release|Any CPU.ActiveCfg = Release|Win32
		{DA6FFF2B-2356-4369-9D44-0EDD532C5423}.Release|ARM.ActiveCfg = Release|Win32
		{DA6FFF2B-2356-4369-9D44-0EDD532C5423}.Release|ARM64.ActiveCfg = Release|Win32
		{DA6FFF2B-2356-4369-9D44-0EDD532C5423}.Release|x64.ActiveCfg = Release|x64
		{DA6FFF2B-2356-4369-9D44-0EDD532C5423}.Release|x64.Build.0 = Release|x64
		{DA6FFF2B-2356-4369-9D44-0EDD532C5423}.Release|x86.ActiveCfg = Release|Win32
		{DA6FFF2B-2356-4369-9D44-0EDD532C5423}.Release|x86.Build.0 = Release|Win32
		{566928CA-1DB7-4BE4-BD86-207BBC328B61}.Debug|Any CPU.ActiveCfg = Debug|Any CPU
		{566928CA-1DB7-4BE4-BD86-207BBC328B61}.Debug|ARM.ActiveCfg = Debug|Any CPU
		{566928CA-1DB7-4BE4-BD86-207BBC328B61}.Debug|ARM.Build.0 = Debug|Any CPU
		{566928CA-1DB7-4BE4-BD86-207BBC328B61}.Debug|ARM64.ActiveCfg = Debug|Any CPU
		{566928CA-1DB7-4BE4-BD86-207BBC328B61}.Debug|ARM64.Build.0 = Debug|Any CPU
		{566928CA-1DB7-4BE4-BD86-207BBC328B61}.Debug|x64.ActiveCfg = Debug|Any CPU
		{566928CA-1DB7-4BE4-BD86-207BBC328B61}.Debug|x64.Build.0 = Debug|Any CPU
		{566928CA-1DB7-4BE4-BD86-207BBC328B61}.Debug|x86.ActiveCfg = Debug|Any CPU
		{566928CA-1DB7-4BE4-BD86-207BBC328B61}.Release|Any CPU.ActiveCfg = Release|Any CPU
		{566928CA-1DB7-4BE4-BD86-207BBC328B61}.Release|Any CPU.Build.0 = Release|Any CPU
		{566928CA-1DB7-4BE4-BD86-207BBC328B61}.Release|ARM.ActiveCfg = Release|Any CPU
		{566928CA-1DB7-4BE4-BD86-207BBC328B61}.Release|ARM.Build.0 = Release|Any CPU
		{566928CA-1DB7-4BE4-BD86-207BBC328B61}.Release|ARM64.ActiveCfg = Release|Any CPU
		{566928CA-1DB7-4BE4-BD86-207BBC328B61}.Release|ARM64.Build.0 = Release|Any CPU
		{566928CA-1DB7-4BE4-BD86-207BBC328B61}.Release|x64.ActiveCfg = Release|Any CPU
		{566928CA-1DB7-4BE4-BD86-207BBC328B61}.Release|x64.Build.0 = Release|Any CPU
		{566928CA-1DB7-4BE4-BD86-207BBC328B61}.Release|x86.ActiveCfg = Release|Any CPU
		{566928CA-1DB7-4BE4-BD86-207BBC328B61}.Release|x86.Build.0 = Release|Any CPU
		{66F72904-7EA4-4B88-A369-4FF9AC942F43}.Debug|Any CPU.ActiveCfg = Debug|Any CPU
		{66F72904-7EA4-4B88-A369-4FF9AC942F43}.Debug|ARM.ActiveCfg = Debug|Any CPU
		{66F72904-7EA4-4B88-A369-4FF9AC942F43}.Debug|ARM.Build.0 = Debug|Any CPU
		{66F72904-7EA4-4B88-A369-4FF9AC942F43}.Debug|ARM64.ActiveCfg = Debug|Any CPU
		{66F72904-7EA4-4B88-A369-4FF9AC942F43}.Debug|ARM64.Build.0 = Debug|Any CPU
		{66F72904-7EA4-4B88-A369-4FF9AC942F43}.Debug|x64.ActiveCfg = Debug|Any CPU
		{66F72904-7EA4-4B88-A369-4FF9AC942F43}.Debug|x64.Build.0 = Debug|Any CPU
		{66F72904-7EA4-4B88-A369-4FF9AC942F43}.Debug|x86.ActiveCfg = Debug|Any CPU
		{66F72904-7EA4-4B88-A369-4FF9AC942F43}.Debug|x86.Build.0 = Debug|Any CPU
		{66F72904-7EA4-4B88-A369-4FF9AC942F43}.Release|Any CPU.ActiveCfg = Release|Any CPU
		{66F72904-7EA4-4B88-A369-4FF9AC942F43}.Release|Any CPU.Build.0 = Release|Any CPU
		{66F72904-7EA4-4B88-A369-4FF9AC942F43}.Release|ARM.ActiveCfg = Release|Any CPU
		{66F72904-7EA4-4B88-A369-4FF9AC942F43}.Release|ARM.Build.0 = Release|Any CPU
		{66F72904-7EA4-4B88-A369-4FF9AC942F43}.Release|ARM64.ActiveCfg = Release|Any CPU
		{66F72904-7EA4-4B88-A369-4FF9AC942F43}.Release|ARM64.Build.0 = Release|Any CPU
		{66F72904-7EA4-4B88-A369-4FF9AC942F43}.Release|x64.ActiveCfg = Release|Any CPU
		{66F72904-7EA4-4B88-A369-4FF9AC942F43}.Release|x64.Build.0 = Release|Any CPU
		{66F72904-7EA4-4B88-A369-4FF9AC942F43}.Release|x86.ActiveCfg = Release|Any CPU
		{66F72904-7EA4-4B88-A369-4FF9AC942F43}.Release|x86.Build.0 = Release|Any CPU
		{B7601A58-BA57-465A-ACAB-00110A3F7D68}.Debug|Any CPU.ActiveCfg = Debug|Any CPU
		{B7601A58-BA57-465A-ACAB-00110A3F7D68}.Debug|ARM.ActiveCfg = Debug|Any CPU
		{B7601A58-BA57-465A-ACAB-00110A3F7D68}.Debug|ARM.Build.0 = Debug|Any CPU
		{B7601A58-BA57-465A-ACAB-00110A3F7D68}.Debug|ARM64.ActiveCfg = Debug|Any CPU
		{B7601A58-BA57-465A-ACAB-00110A3F7D68}.Debug|ARM64.Build.0 = Debug|Any CPU
		{B7601A58-BA57-465A-ACAB-00110A3F7D68}.Debug|x64.ActiveCfg = Debug|Any CPU
		{B7601A58-BA57-465A-ACAB-00110A3F7D68}.Debug|x64.Build.0 = Debug|Any CPU
		{B7601A58-BA57-465A-ACAB-00110A3F7D68}.Debug|x86.ActiveCfg = Debug|Any CPU
		{B7601A58-BA57-465A-ACAB-00110A3F7D68}.Debug|x86.Build.0 = Debug|Any CPU
		{B7601A58-BA57-465A-ACAB-00110A3F7D68}.Release|Any CPU.ActiveCfg = Release|Any CPU
		{B7601A58-BA57-465A-ACAB-00110A3F7D68}.Release|Any CPU.Build.0 = Release|Any CPU
		{B7601A58-BA57-465A-ACAB-00110A3F7D68}.Release|ARM.ActiveCfg = Release|Any CPU
		{B7601A58-BA57-465A-ACAB-00110A3F7D68}.Release|ARM.Build.0 = Release|Any CPU
		{B7601A58-BA57-465A-ACAB-00110A3F7D68}.Release|ARM64.ActiveCfg = Release|Any CPU
		{B7601A58-BA57-465A-ACAB-00110A3F7D68}.Release|ARM64.Build.0 = Release|Any CPU
		{B7601A58-BA57-465A-ACAB-00110A3F7D68}.Release|x64.ActiveCfg = Release|Any CPU
		{B7601A58-BA57-465A-ACAB-00110A3F7D68}.Release|x64.Build.0 = Release|Any CPU
		{B7601A58-BA57-465A-ACAB-00110A3F7D68}.Release|x86.ActiveCfg = Release|Any CPU
		{B7601A58-BA57-465A-ACAB-00110A3F7D68}.Release|x86.Build.0 = Release|Any CPU
		{EE8F6172-81EB-4194-B922-105A6939A83A}.Debug|Any CPU.ActiveCfg = Debug|Any CPU
		{EE8F6172-81EB-4194-B922-105A6939A83A}.Debug|ARM.ActiveCfg = Debug|Any CPU
		{EE8F6172-81EB-4194-B922-105A6939A83A}.Debug|ARM.Build.0 = Debug|Any CPU
		{EE8F6172-81EB-4194-B922-105A6939A83A}.Debug|ARM64.ActiveCfg = Debug|Any CPU
		{EE8F6172-81EB-4194-B922-105A6939A83A}.Debug|ARM64.Build.0 = Debug|Any CPU
		{EE8F6172-81EB-4194-B922-105A6939A83A}.Debug|x64.ActiveCfg = Debug|Any CPU
		{EE8F6172-81EB-4194-B922-105A6939A83A}.Debug|x64.Build.0 = Debug|Any CPU
		{EE8F6172-81EB-4194-B922-105A6939A83A}.Debug|x86.ActiveCfg = Debug|Any CPU
		{EE8F6172-81EB-4194-B922-105A6939A83A}.Debug|x86.Build.0 = Debug|Any CPU
		{EE8F6172-81EB-4194-B922-105A6939A83A}.Release|Any CPU.ActiveCfg = Release|Any CPU
		{EE8F6172-81EB-4194-B922-105A6939A83A}.Release|Any CPU.Build.0 = Release|Any CPU
		{EE8F6172-81EB-4194-B922-105A6939A83A}.Release|ARM.ActiveCfg = Release|Any CPU
		{EE8F6172-81EB-4194-B922-105A6939A83A}.Release|ARM.Build.0 = Release|Any CPU
		{EE8F6172-81EB-4194-B922-105A6939A83A}.Release|ARM64.ActiveCfg = Release|Any CPU
		{EE8F6172-81EB-4194-B922-105A6939A83A}.Release|ARM64.Build.0 = Release|Any CPU
		{EE8F6172-81EB-4194-B922-105A6939A83A}.Release|x64.ActiveCfg = Release|Any CPU
		{EE8F6172-81EB-4194-B922-105A6939A83A}.Release|x64.Build.0 = Release|Any CPU
		{EE8F6172-81EB-4194-B922-105A6939A83A}.Release|x86.ActiveCfg = Release|Any CPU
		{EE8F6172-81EB-4194-B922-105A6939A83A}.Release|x86.Build.0 = Release|Any CPU
		{06C638B5-A69B-4C10-A990-A5B754E169EB}.Debug|Any CPU.ActiveCfg = Debug|Any CPU
		{06C638B5-A69B-4C10-A990-A5B754E169EB}.Debug|ARM.ActiveCfg = Debug|Any CPU
		{06C638B5-A69B-4C10-A990-A5B754E169EB}.Debug|ARM.Build.0 = Debug|Any CPU
		{06C638B5-A69B-4C10-A990-A5B754E169EB}.Debug|ARM64.ActiveCfg = Debug|Any CPU
		{06C638B5-A69B-4C10-A990-A5B754E169EB}.Debug|ARM64.Build.0 = Debug|Any CPU
		{06C638B5-A69B-4C10-A990-A5B754E169EB}.Debug|x64.ActiveCfg = Debug|Any CPU
		{06C638B5-A69B-4C10-A990-A5B754E169EB}.Debug|x64.Build.0 = Debug|Any CPU
		{06C638B5-A69B-4C10-A990-A5B754E169EB}.Debug|x86.ActiveCfg = Debug|Any CPU
		{06C638B5-A69B-4C10-A990-A5B754E169EB}.Debug|x86.Build.0 = Debug|Any CPU
		{06C638B5-A69B-4C10-A990-A5B754E169EB}.Release|Any CPU.ActiveCfg = Release|Any CPU
		{06C638B5-A69B-4C10-A990-A5B754E169EB}.Release|Any CPU.Build.0 = Release|Any CPU
		{06C638B5-A69B-4C10-A990-A5B754E169EB}.Release|ARM.ActiveCfg = Release|Any CPU
		{06C638B5-A69B-4C10-A990-A5B754E169EB}.Release|ARM.Build.0 = Release|Any CPU
		{06C638B5-A69B-4C10-A990-A5B754E169EB}.Release|ARM64.ActiveCfg = Release|Any CPU
		{06C638B5-A69B-4C10-A990-A5B754E169EB}.Release|ARM64.Build.0 = Release|Any CPU
		{06C638B5-A69B-4C10-A990-A5B754E169EB}.Release|x64.ActiveCfg = Release|Any CPU
		{06C638B5-A69B-4C10-A990-A5B754E169EB}.Release|x64.Build.0 = Release|Any CPU
		{06C638B5-A69B-4C10-A990-A5B754E169EB}.Release|x86.ActiveCfg = Release|Any CPU
		{06C638B5-A69B-4C10-A990-A5B754E169EB}.Release|x86.Build.0 = Release|Any CPU
		{67B73F52-6528-4141-AB20-CDF53652D787}.Debug|Any CPU.ActiveCfg = Debug|Any CPU
		{67B73F52-6528-4141-AB20-CDF53652D787}.Debug|ARM.ActiveCfg = Debug|Any CPU
		{67B73F52-6528-4141-AB20-CDF53652D787}.Debug|ARM.Build.0 = Debug|Any CPU
		{67B73F52-6528-4141-AB20-CDF53652D787}.Debug|ARM64.ActiveCfg = Debug|Any CPU
		{67B73F52-6528-4141-AB20-CDF53652D787}.Debug|ARM64.Build.0 = Debug|Any CPU
		{67B73F52-6528-4141-AB20-CDF53652D787}.Debug|x64.ActiveCfg = Debug|Any CPU
		{67B73F52-6528-4141-AB20-CDF53652D787}.Debug|x64.Build.0 = Debug|Any CPU
		{67B73F52-6528-4141-AB20-CDF53652D787}.Debug|x86.ActiveCfg = Debug|Any CPU
		{67B73F52-6528-4141-AB20-CDF53652D787}.Debug|x86.Build.0 = Debug|Any CPU
		{67B73F52-6528-4141-AB20-CDF53652D787}.Release|Any CPU.ActiveCfg = Release|Any CPU
		{67B73F52-6528-4141-AB20-CDF53652D787}.Release|Any CPU.Build.0 = Release|Any CPU
		{67B73F52-6528-4141-AB20-CDF53652D787}.Release|ARM.ActiveCfg = Release|Any CPU
		{67B73F52-6528-4141-AB20-CDF53652D787}.Release|ARM.Build.0 = Release|Any CPU
		{67B73F52-6528-4141-AB20-CDF53652D787}.Release|ARM64.ActiveCfg = Release|Any CPU
		{67B73F52-6528-4141-AB20-CDF53652D787}.Release|ARM64.Build.0 = Release|Any CPU
		{67B73F52-6528-4141-AB20-CDF53652D787}.Release|x64.ActiveCfg = Release|Any CPU
		{67B73F52-6528-4141-AB20-CDF53652D787}.Release|x64.Build.0 = Release|Any CPU
		{67B73F52-6528-4141-AB20-CDF53652D787}.Release|x86.ActiveCfg = Release|Any CPU
		{67B73F52-6528-4141-AB20-CDF53652D787}.Release|x86.Build.0 = Release|Any CPU
		{4A1A2A52-F711-42D9-ABAB-93A3DCFD71FE}.Debug|Any CPU.ActiveCfg = Debug|Win32
		{4A1A2A52-F711-42D9-ABAB-93A3DCFD71FE}.Debug|ARM.ActiveCfg = Debug|Win32
		{4A1A2A52-F711-42D9-ABAB-93A3DCFD71FE}.Debug|ARM64.ActiveCfg = Debug|Win32
		{4A1A2A52-F711-42D9-ABAB-93A3DCFD71FE}.Debug|x64.ActiveCfg = Debug|x64
		{4A1A2A52-F711-42D9-ABAB-93A3DCFD71FE}.Debug|x64.Build.0 = Debug|x64
		{4A1A2A52-F711-42D9-ABAB-93A3DCFD71FE}.Debug|x86.ActiveCfg = Debug|Win32
		{4A1A2A52-F711-42D9-ABAB-93A3DCFD71FE}.Debug|x86.Build.0 = Debug|Win32
		{4A1A2A52-F711-42D9-ABAB-93A3DCFD71FE}.Release|Any CPU.ActiveCfg = Release|Win32
		{4A1A2A52-F711-42D9-ABAB-93A3DCFD71FE}.Release|ARM.ActiveCfg = Release|Win32
		{4A1A2A52-F711-42D9-ABAB-93A3DCFD71FE}.Release|ARM64.ActiveCfg = Release|Win32
		{4A1A2A52-F711-42D9-ABAB-93A3DCFD71FE}.Release|x64.ActiveCfg = Release|x64
		{4A1A2A52-F711-42D9-ABAB-93A3DCFD71FE}.Release|x64.Build.0 = Release|x64
		{4A1A2A52-F711-42D9-ABAB-93A3DCFD71FE}.Release|x86.ActiveCfg = Release|Win32
		{4A1A2A52-F711-42D9-ABAB-93A3DCFD71FE}.Release|x86.Build.0 = Release|Win32
		{FA06DA38-9047-46ED-8C62-E99969B52924}.Debug|Any CPU.ActiveCfg = Debug|Any CPU
		{FA06DA38-9047-46ED-8C62-E99969B52924}.Debug|ARM.ActiveCfg = Debug|Any CPU
		{FA06DA38-9047-46ED-8C62-E99969B52924}.Debug|ARM.Build.0 = Debug|Any CPU
		{FA06DA38-9047-46ED-8C62-E99969B52924}.Debug|ARM64.ActiveCfg = Debug|Any CPU
		{FA06DA38-9047-46ED-8C62-E99969B52924}.Debug|ARM64.Build.0 = Debug|Any CPU
		{FA06DA38-9047-46ED-8C62-E99969B52924}.Debug|x64.ActiveCfg = Debug|Any CPU
		{FA06DA38-9047-46ED-8C62-E99969B52924}.Debug|x64.Build.0 = Debug|Any CPU
		{FA06DA38-9047-46ED-8C62-E99969B52924}.Debug|x86.ActiveCfg = Debug|Any CPU
		{FA06DA38-9047-46ED-8C62-E99969B52924}.Debug|x86.Build.0 = Debug|Any CPU
		{FA06DA38-9047-46ED-8C62-E99969B52924}.Release|Any CPU.ActiveCfg = Release|Any CPU
		{FA06DA38-9047-46ED-8C62-E99969B52924}.Release|Any CPU.Build.0 = Release|Any CPU
		{FA06DA38-9047-46ED-8C62-E99969B52924}.Release|ARM.ActiveCfg = Release|Any CPU
		{FA06DA38-9047-46ED-8C62-E99969B52924}.Release|ARM.Build.0 = Release|Any CPU
		{FA06DA38-9047-46ED-8C62-E99969B52924}.Release|ARM64.ActiveCfg = Release|Any CPU
		{FA06DA38-9047-46ED-8C62-E99969B52924}.Release|ARM64.Build.0 = Release|Any CPU
		{FA06DA38-9047-46ED-8C62-E99969B52924}.Release|x64.ActiveCfg = Release|Any CPU
		{FA06DA38-9047-46ED-8C62-E99969B52924}.Release|x64.Build.0 = Release|Any CPU
		{FA06DA38-9047-46ED-8C62-E99969B52924}.Release|x86.ActiveCfg = Release|Any CPU
		{FA06DA38-9047-46ED-8C62-E99969B52924}.Release|x86.Build.0 = Release|Any CPU
		{DE0F699B-44DF-4E01-BEAF-DDCD55A24167}.Debug|Any CPU.ActiveCfg = Debug|x86
		{DE0F699B-44DF-4E01-BEAF-DDCD55A24167}.Debug|ARM.ActiveCfg = Debug|ARM
		{DE0F699B-44DF-4E01-BEAF-DDCD55A24167}.Debug|ARM.Build.0 = Debug|ARM
		{DE0F699B-44DF-4E01-BEAF-DDCD55A24167}.Debug|ARM.Deploy.0 = Debug|ARM
		{DE0F699B-44DF-4E01-BEAF-DDCD55A24167}.Debug|ARM64.ActiveCfg = Debug|ARM64
		{DE0F699B-44DF-4E01-BEAF-DDCD55A24167}.Debug|ARM64.Build.0 = Debug|ARM64
		{DE0F699B-44DF-4E01-BEAF-DDCD55A24167}.Debug|ARM64.Deploy.0 = Debug|ARM64
		{DE0F699B-44DF-4E01-BEAF-DDCD55A24167}.Debug|x64.ActiveCfg = Debug|x64
		{DE0F699B-44DF-4E01-BEAF-DDCD55A24167}.Debug|x64.Build.0 = Debug|x64
		{DE0F699B-44DF-4E01-BEAF-DDCD55A24167}.Debug|x64.Deploy.0 = Debug|x64
		{DE0F699B-44DF-4E01-BEAF-DDCD55A24167}.Debug|x86.ActiveCfg = Debug|x86
		{DE0F699B-44DF-4E01-BEAF-DDCD55A24167}.Debug|x86.Build.0 = Debug|x86
		{DE0F699B-44DF-4E01-BEAF-DDCD55A24167}.Debug|x86.Deploy.0 = Debug|x86
		{DE0F699B-44DF-4E01-BEAF-DDCD55A24167}.Release|Any CPU.ActiveCfg = Release|x86
		{DE0F699B-44DF-4E01-BEAF-DDCD55A24167}.Release|ARM.ActiveCfg = Release|ARM
		{DE0F699B-44DF-4E01-BEAF-DDCD55A24167}.Release|ARM.Build.0 = Release|ARM
		{DE0F699B-44DF-4E01-BEAF-DDCD55A24167}.Release|ARM.Deploy.0 = Release|ARM
		{DE0F699B-44DF-4E01-BEAF-DDCD55A24167}.Release|ARM64.ActiveCfg = Release|ARM64
		{DE0F699B-44DF-4E01-BEAF-DDCD55A24167}.Release|ARM64.Build.0 = Release|ARM64
		{DE0F699B-44DF-4E01-BEAF-DDCD55A24167}.Release|ARM64.Deploy.0 = Release|ARM64
		{DE0F699B-44DF-4E01-BEAF-DDCD55A24167}.Release|x64.ActiveCfg = Release|x64
		{DE0F699B-44DF-4E01-BEAF-DDCD55A24167}.Release|x64.Build.0 = Release|x64
		{DE0F699B-44DF-4E01-BEAF-DDCD55A24167}.Release|x64.Deploy.0 = Release|x64
		{DE0F699B-44DF-4E01-BEAF-DDCD55A24167}.Release|x86.ActiveCfg = Release|x86
		{DE0F699B-44DF-4E01-BEAF-DDCD55A24167}.Release|x86.Build.0 = Release|x86
		{DE0F699B-44DF-4E01-BEAF-DDCD55A24167}.Release|x86.Deploy.0 = Release|x86
		{5D74B4A5-DBB8-4A06-A496-151C9414B565}.Debug|Any CPU.ActiveCfg = Debug|Any CPU
		{5D74B4A5-DBB8-4A06-A496-151C9414B565}.Debug|ARM.ActiveCfg = Debug|Any CPU
		{5D74B4A5-DBB8-4A06-A496-151C9414B565}.Debug|ARM.Build.0 = Debug|Any CPU
		{5D74B4A5-DBB8-4A06-A496-151C9414B565}.Debug|ARM64.ActiveCfg = Debug|Any CPU
		{5D74B4A5-DBB8-4A06-A496-151C9414B565}.Debug|ARM64.Build.0 = Debug|Any CPU
		{5D74B4A5-DBB8-4A06-A496-151C9414B565}.Debug|x64.ActiveCfg = Debug|Any CPU
		{5D74B4A5-DBB8-4A06-A496-151C9414B565}.Debug|x64.Build.0 = Debug|Any CPU
		{5D74B4A5-DBB8-4A06-A496-151C9414B565}.Debug|x86.ActiveCfg = Debug|Any CPU
		{5D74B4A5-DBB8-4A06-A496-151C9414B565}.Debug|x86.Build.0 = Debug|Any CPU
		{5D74B4A5-DBB8-4A06-A496-151C9414B565}.Release|Any CPU.ActiveCfg = Release|Any CPU
		{5D74B4A5-DBB8-4A06-A496-151C9414B565}.Release|Any CPU.Build.0 = Release|Any CPU
		{5D74B4A5-DBB8-4A06-A496-151C9414B565}.Release|ARM.ActiveCfg = Release|Any CPU
		{5D74B4A5-DBB8-4A06-A496-151C9414B565}.Release|ARM.Build.0 = Release|Any CPU
		{5D74B4A5-DBB8-4A06-A496-151C9414B565}.Release|ARM64.ActiveCfg = Release|Any CPU
		{5D74B4A5-DBB8-4A06-A496-151C9414B565}.Release|ARM64.Build.0 = Release|Any CPU
		{5D74B4A5-DBB8-4A06-A496-151C9414B565}.Release|x64.ActiveCfg = Release|Any CPU
		{5D74B4A5-DBB8-4A06-A496-151C9414B565}.Release|x64.Build.0 = Release|Any CPU
		{5D74B4A5-DBB8-4A06-A496-151C9414B565}.Release|x86.ActiveCfg = Release|Any CPU
		{5D74B4A5-DBB8-4A06-A496-151C9414B565}.Release|x86.Build.0 = Release|Any CPU
		{CFE7B807-7B8D-4082-99F8-AF7D9E64659E}.Debug|Any CPU.ActiveCfg = Debug|Any CPU
		{CFE7B807-7B8D-4082-99F8-AF7D9E64659E}.Debug|ARM.ActiveCfg = Debug|Any CPU
		{CFE7B807-7B8D-4082-99F8-AF7D9E64659E}.Debug|ARM.Build.0 = Debug|Any CPU
		{CFE7B807-7B8D-4082-99F8-AF7D9E64659E}.Debug|ARM64.ActiveCfg = Debug|Any CPU
		{CFE7B807-7B8D-4082-99F8-AF7D9E64659E}.Debug|ARM64.Build.0 = Debug|Any CPU
		{CFE7B807-7B8D-4082-99F8-AF7D9E64659E}.Debug|x64.ActiveCfg = Debug|Any CPU
		{CFE7B807-7B8D-4082-99F8-AF7D9E64659E}.Debug|x64.Build.0 = Debug|Any CPU
		{CFE7B807-7B8D-4082-99F8-AF7D9E64659E}.Debug|x86.ActiveCfg = Debug|Any CPU
		{CFE7B807-7B8D-4082-99F8-AF7D9E64659E}.Debug|x86.Build.0 = Debug|Any CPU
		{CFE7B807-7B8D-4082-99F8-AF7D9E64659E}.Release|Any CPU.ActiveCfg = Release|Any CPU
		{CFE7B807-7B8D-4082-99F8-AF7D9E64659E}.Release|Any CPU.Build.0 = Release|Any CPU
		{CFE7B807-7B8D-4082-99F8-AF7D9E64659E}.Release|ARM.ActiveCfg = Release|Any CPU
		{CFE7B807-7B8D-4082-99F8-AF7D9E64659E}.Release|ARM.Build.0 = Release|Any CPU
		{CFE7B807-7B8D-4082-99F8-AF7D9E64659E}.Release|ARM64.ActiveCfg = Release|Any CPU
		{CFE7B807-7B8D-4082-99F8-AF7D9E64659E}.Release|ARM64.Build.0 = Release|Any CPU
		{CFE7B807-7B8D-4082-99F8-AF7D9E64659E}.Release|x64.ActiveCfg = Release|Any CPU
		{CFE7B807-7B8D-4082-99F8-AF7D9E64659E}.Release|x64.Build.0 = Release|Any CPU
		{CFE7B807-7B8D-4082-99F8-AF7D9E64659E}.Release|x86.ActiveCfg = Release|Any CPU
		{CFE7B807-7B8D-4082-99F8-AF7D9E64659E}.Release|x86.Build.0 = Release|Any CPU
		{949BC428-0343-4529-AD9F-2CA5F46BF2E4}.Debug|Any CPU.ActiveCfg = Debug|Win32
		{949BC428-0343-4529-AD9F-2CA5F46BF2E4}.Debug|ARM.ActiveCfg = Debug|Win32
		{949BC428-0343-4529-AD9F-2CA5F46BF2E4}.Debug|ARM64.ActiveCfg = Debug|Win32
		{949BC428-0343-4529-AD9F-2CA5F46BF2E4}.Debug|x64.ActiveCfg = Debug|x64
		{949BC428-0343-4529-AD9F-2CA5F46BF2E4}.Debug|x64.Build.0 = Debug|x64
		{949BC428-0343-4529-AD9F-2CA5F46BF2E4}.Debug|x86.ActiveCfg = Debug|Win32
		{949BC428-0343-4529-AD9F-2CA5F46BF2E4}.Debug|x86.Build.0 = Debug|Win32
		{949BC428-0343-4529-AD9F-2CA5F46BF2E4}.Release|Any CPU.ActiveCfg = Release|Win32
		{949BC428-0343-4529-AD9F-2CA5F46BF2E4}.Release|ARM.ActiveCfg = Release|Win32
		{949BC428-0343-4529-AD9F-2CA5F46BF2E4}.Release|ARM64.ActiveCfg = Release|Win32
		{949BC428-0343-4529-AD9F-2CA5F46BF2E4}.Release|x64.ActiveCfg = Release|x64
		{949BC428-0343-4529-AD9F-2CA5F46BF2E4}.Release|x64.Build.0 = Release|x64
		{949BC428-0343-4529-AD9F-2CA5F46BF2E4}.Release|x86.ActiveCfg = Release|Win32
		{949BC428-0343-4529-AD9F-2CA5F46BF2E4}.Release|x86.Build.0 = Release|Win32
		{85EC97A4-28BA-4C3B-9688-27CCA882C5FC}.Debug|Any CPU.ActiveCfg = Debug|Any CPU
		{85EC97A4-28BA-4C3B-9688-27CCA882C5FC}.Debug|ARM.ActiveCfg = Debug|Any CPU
		{85EC97A4-28BA-4C3B-9688-27CCA882C5FC}.Debug|ARM.Build.0 = Debug|Any CPU
		{85EC97A4-28BA-4C3B-9688-27CCA882C5FC}.Debug|ARM64.ActiveCfg = Debug|Any CPU
		{85EC97A4-28BA-4C3B-9688-27CCA882C5FC}.Debug|ARM64.Build.0 = Debug|Any CPU
		{85EC97A4-28BA-4C3B-9688-27CCA882C5FC}.Debug|x64.ActiveCfg = Debug|Any CPU
		{85EC97A4-28BA-4C3B-9688-27CCA882C5FC}.Debug|x64.Build.0 = Debug|Any CPU
		{85EC97A4-28BA-4C3B-9688-27CCA882C5FC}.Debug|x86.ActiveCfg = Debug|Any CPU
		{85EC97A4-28BA-4C3B-9688-27CCA882C5FC}.Debug|x86.Build.0 = Debug|Any CPU
		{85EC97A4-28BA-4C3B-9688-27CCA882C5FC}.Release|Any CPU.ActiveCfg = Release|Any CPU
		{85EC97A4-28BA-4C3B-9688-27CCA882C5FC}.Release|Any CPU.Build.0 = Release|Any CPU
		{85EC97A4-28BA-4C3B-9688-27CCA882C5FC}.Release|ARM.ActiveCfg = Release|Any CPU
		{85EC97A4-28BA-4C3B-9688-27CCA882C5FC}.Release|ARM.Build.0 = Release|Any CPU
		{85EC97A4-28BA-4C3B-9688-27CCA882C5FC}.Release|ARM64.ActiveCfg = Release|Any CPU
		{85EC97A4-28BA-4C3B-9688-27CCA882C5FC}.Release|ARM64.Build.0 = Release|Any CPU
		{85EC97A4-28BA-4C3B-9688-27CCA882C5FC}.Release|x64.ActiveCfg = Release|Any CPU
		{85EC97A4-28BA-4C3B-9688-27CCA882C5FC}.Release|x64.Build.0 = Release|Any CPU
		{85EC97A4-28BA-4C3B-9688-27CCA882C5FC}.Release|x86.ActiveCfg = Release|Any CPU
		{85EC97A4-28BA-4C3B-9688-27CCA882C5FC}.Release|x86.Build.0 = Release|Any CPU
		{1CA76D17-6569-4280-9531-819A26CF5CE6}.Debug|Any CPU.ActiveCfg = Debug|Any CPU
		{1CA76D17-6569-4280-9531-819A26CF5CE6}.Debug|ARM.ActiveCfg = Debug|Any CPU
		{1CA76D17-6569-4280-9531-819A26CF5CE6}.Debug|ARM.Build.0 = Debug|Any CPU
		{1CA76D17-6569-4280-9531-819A26CF5CE6}.Debug|ARM64.ActiveCfg = Debug|Any CPU
		{1CA76D17-6569-4280-9531-819A26CF5CE6}.Debug|ARM64.Build.0 = Debug|Any CPU
		{1CA76D17-6569-4280-9531-819A26CF5CE6}.Debug|x64.ActiveCfg = Debug|Any CPU
		{1CA76D17-6569-4280-9531-819A26CF5CE6}.Debug|x64.Build.0 = Debug|Any CPU
		{1CA76D17-6569-4280-9531-819A26CF5CE6}.Debug|x86.ActiveCfg = Debug|Any CPU
		{1CA76D17-6569-4280-9531-819A26CF5CE6}.Debug|x86.Build.0 = Debug|Any CPU
		{1CA76D17-6569-4280-9531-819A26CF5CE6}.Release|Any CPU.ActiveCfg = Release|Any CPU
		{1CA76D17-6569-4280-9531-819A26CF5CE6}.Release|Any CPU.Build.0 = Release|Any CPU
		{1CA76D17-6569-4280-9531-819A26CF5CE6}.Release|ARM.ActiveCfg = Release|Any CPU
		{1CA76D17-6569-4280-9531-819A26CF5CE6}.Release|ARM.Build.0 = Release|Any CPU
		{1CA76D17-6569-4280-9531-819A26CF5CE6}.Release|ARM64.ActiveCfg = Release|Any CPU
		{1CA76D17-6569-4280-9531-819A26CF5CE6}.Release|ARM64.Build.0 = Release|Any CPU
		{1CA76D17-6569-4280-9531-819A26CF5CE6}.Release|x64.ActiveCfg = Release|Any CPU
		{1CA76D17-6569-4280-9531-819A26CF5CE6}.Release|x64.Build.0 = Release|Any CPU
		{1CA76D17-6569-4280-9531-819A26CF5CE6}.Release|x86.ActiveCfg = Release|Any CPU
		{1CA76D17-6569-4280-9531-819A26CF5CE6}.Release|x86.Build.0 = Release|Any CPU
		{CCAC08C2-BEE8-438B-8D6C-AFD96F47191D}.Debug|Any CPU.ActiveCfg = Debug|Win32
		{CCAC08C2-BEE8-438B-8D6C-AFD96F47191D}.Debug|ARM.ActiveCfg = Debug|Win32
		{CCAC08C2-BEE8-438B-8D6C-AFD96F47191D}.Debug|ARM64.ActiveCfg = Debug|Win32
		{CCAC08C2-BEE8-438B-8D6C-AFD96F47191D}.Debug|x64.ActiveCfg = Debug|x64
		{CCAC08C2-BEE8-438B-8D6C-AFD96F47191D}.Debug|x64.Build.0 = Debug|x64
		{CCAC08C2-BEE8-438B-8D6C-AFD96F47191D}.Debug|x86.ActiveCfg = Debug|Win32
		{CCAC08C2-BEE8-438B-8D6C-AFD96F47191D}.Debug|x86.Build.0 = Debug|Win32
		{CCAC08C2-BEE8-438B-8D6C-AFD96F47191D}.Release|Any CPU.ActiveCfg = Release|Win32
		{CCAC08C2-BEE8-438B-8D6C-AFD96F47191D}.Release|ARM.ActiveCfg = Release|Win32
		{CCAC08C2-BEE8-438B-8D6C-AFD96F47191D}.Release|ARM64.ActiveCfg = Release|Win32
		{CCAC08C2-BEE8-438B-8D6C-AFD96F47191D}.Release|x64.ActiveCfg = Release|x64
		{CCAC08C2-BEE8-438B-8D6C-AFD96F47191D}.Release|x64.Build.0 = Release|x64
		{CCAC08C2-BEE8-438B-8D6C-AFD96F47191D}.Release|x86.ActiveCfg = Release|Win32
		{CCAC08C2-BEE8-438B-8D6C-AFD96F47191D}.Release|x86.Build.0 = Release|Win32
		{84C41E87-77F6-4CAB-BE16-3FFF9EF83C29}.Debug|Any CPU.ActiveCfg = Debug|Win32
		{84C41E87-77F6-4CAB-BE16-3FFF9EF83C29}.Debug|ARM.ActiveCfg = Debug|Win32
		{84C41E87-77F6-4CAB-BE16-3FFF9EF83C29}.Debug|ARM64.ActiveCfg = Debug|Win32
		{84C41E87-77F6-4CAB-BE16-3FFF9EF83C29}.Debug|x64.ActiveCfg = Debug|x64
		{84C41E87-77F6-4CAB-BE16-3FFF9EF83C29}.Debug|x64.Build.0 = Debug|x64
		{84C41E87-77F6-4CAB-BE16-3FFF9EF83C29}.Debug|x86.ActiveCfg = Debug|Win32
		{84C41E87-77F6-4CAB-BE16-3FFF9EF83C29}.Debug|x86.Build.0 = Debug|Win32
		{84C41E87-77F6-4CAB-BE16-3FFF9EF83C29}.Release|Any CPU.ActiveCfg = Release|Win32
		{84C41E87-77F6-4CAB-BE16-3FFF9EF83C29}.Release|ARM.ActiveCfg = Release|Win32
		{84C41E87-77F6-4CAB-BE16-3FFF9EF83C29}.Release|ARM64.ActiveCfg = Release|Win32
		{84C41E87-77F6-4CAB-BE16-3FFF9EF83C29}.Release|x64.ActiveCfg = Release|x64
		{84C41E87-77F6-4CAB-BE16-3FFF9EF83C29}.Release|x64.Build.0 = Release|x64
		{84C41E87-77F6-4CAB-BE16-3FFF9EF83C29}.Release|x86.ActiveCfg = Release|Win32
		{84C41E87-77F6-4CAB-BE16-3FFF9EF83C29}.Release|x86.Build.0 = Release|Win32
		{CCA85CD4-0A6A-433C-87ED-FCEE0A19DFBB}.Debug|Any CPU.ActiveCfg = Debug|Any CPU
		{CCA85CD4-0A6A-433C-87ED-FCEE0A19DFBB}.Debug|ARM.ActiveCfg = Debug|Any CPU
		{CCA85CD4-0A6A-433C-87ED-FCEE0A19DFBB}.Debug|ARM.Build.0 = Debug|Any CPU
		{CCA85CD4-0A6A-433C-87ED-FCEE0A19DFBB}.Debug|ARM64.ActiveCfg = Debug|Any CPU
		{CCA85CD4-0A6A-433C-87ED-FCEE0A19DFBB}.Debug|ARM64.Build.0 = Debug|Any CPU
		{CCA85CD4-0A6A-433C-87ED-FCEE0A19DFBB}.Debug|x64.ActiveCfg = Debug|Any CPU
		{CCA85CD4-0A6A-433C-87ED-FCEE0A19DFBB}.Debug|x64.Build.0 = Debug|Any CPU
		{CCA85CD4-0A6A-433C-87ED-FCEE0A19DFBB}.Debug|x86.ActiveCfg = Debug|Any CPU
		{CCA85CD4-0A6A-433C-87ED-FCEE0A19DFBB}.Debug|x86.Build.0 = Debug|Any CPU
		{CCA85CD4-0A6A-433C-87ED-FCEE0A19DFBB}.Release|Any CPU.ActiveCfg = Release|Any CPU
		{CCA85CD4-0A6A-433C-87ED-FCEE0A19DFBB}.Release|Any CPU.Build.0 = Release|Any CPU
		{CCA85CD4-0A6A-433C-87ED-FCEE0A19DFBB}.Release|ARM.ActiveCfg = Release|Any CPU
		{CCA85CD4-0A6A-433C-87ED-FCEE0A19DFBB}.Release|ARM.Build.0 = Release|Any CPU
		{CCA85CD4-0A6A-433C-87ED-FCEE0A19DFBB}.Release|ARM64.ActiveCfg = Release|Any CPU
		{CCA85CD4-0A6A-433C-87ED-FCEE0A19DFBB}.Release|ARM64.Build.0 = Release|Any CPU
		{CCA85CD4-0A6A-433C-87ED-FCEE0A19DFBB}.Release|x64.ActiveCfg = Release|Any CPU
		{CCA85CD4-0A6A-433C-87ED-FCEE0A19DFBB}.Release|x64.Build.0 = Release|Any CPU
		{CCA85CD4-0A6A-433C-87ED-FCEE0A19DFBB}.Release|x86.ActiveCfg = Release|Any CPU
		{CCA85CD4-0A6A-433C-87ED-FCEE0A19DFBB}.Release|x86.Build.0 = Release|Any CPU
		{D53AC700-DAE4-448C-9202-11D04C26A598}.Debug|Any CPU.ActiveCfg = Debug|Any CPU
		{D53AC700-DAE4-448C-9202-11D04C26A598}.Debug|ARM.ActiveCfg = Debug|Any CPU
		{D53AC700-DAE4-448C-9202-11D04C26A598}.Debug|ARM.Build.0 = Debug|Any CPU
		{D53AC700-DAE4-448C-9202-11D04C26A598}.Debug|ARM64.ActiveCfg = Debug|Any CPU
		{D53AC700-DAE4-448C-9202-11D04C26A598}.Debug|ARM64.Build.0 = Debug|Any CPU
		{D53AC700-DAE4-448C-9202-11D04C26A598}.Debug|x64.ActiveCfg = Debug|Any CPU
		{D53AC700-DAE4-448C-9202-11D04C26A598}.Debug|x64.Build.0 = Debug|Any CPU
		{D53AC700-DAE4-448C-9202-11D04C26A598}.Debug|x86.ActiveCfg = Debug|Any CPU
		{D53AC700-DAE4-448C-9202-11D04C26A598}.Debug|x86.Build.0 = Debug|Any CPU
		{D53AC700-DAE4-448C-9202-11D04C26A598}.Release|Any CPU.ActiveCfg = Release|Any CPU
		{D53AC700-DAE4-448C-9202-11D04C26A598}.Release|Any CPU.Build.0 = Release|Any CPU
		{D53AC700-DAE4-448C-9202-11D04C26A598}.Release|ARM.ActiveCfg = Release|Any CPU
		{D53AC700-DAE4-448C-9202-11D04C26A598}.Release|ARM.Build.0 = Release|Any CPU
		{D53AC700-DAE4-448C-9202-11D04C26A598}.Release|ARM64.ActiveCfg = Release|Any CPU
		{D53AC700-DAE4-448C-9202-11D04C26A598}.Release|ARM64.Build.0 = Release|Any CPU
		{D53AC700-DAE4-448C-9202-11D04C26A598}.Release|x64.ActiveCfg = Release|Any CPU
		{D53AC700-DAE4-448C-9202-11D04C26A598}.Release|x64.Build.0 = Release|Any CPU
		{D53AC700-DAE4-448C-9202-11D04C26A598}.Release|x86.ActiveCfg = Release|Any CPU
		{D53AC700-DAE4-448C-9202-11D04C26A598}.Release|x86.Build.0 = Release|Any CPU
		{18248AC5-FB26-4940-B23B-E00AE370FAC9}.Debug|Any CPU.ActiveCfg = Debug|Any CPU
		{18248AC5-FB26-4940-B23B-E00AE370FAC9}.Debug|ARM.ActiveCfg = Debug|Any CPU
		{18248AC5-FB26-4940-B23B-E00AE370FAC9}.Debug|ARM.Build.0 = Debug|Any CPU
		{18248AC5-FB26-4940-B23B-E00AE370FAC9}.Debug|ARM64.ActiveCfg = Debug|Any CPU
		{18248AC5-FB26-4940-B23B-E00AE370FAC9}.Debug|ARM64.Build.0 = Debug|Any CPU
		{18248AC5-FB26-4940-B23B-E00AE370FAC9}.Debug|x64.ActiveCfg = Debug|Any CPU
		{18248AC5-FB26-4940-B23B-E00AE370FAC9}.Debug|x64.Build.0 = Debug|Any CPU
		{18248AC5-FB26-4940-B23B-E00AE370FAC9}.Debug|x86.ActiveCfg = Debug|Any CPU
		{18248AC5-FB26-4940-B23B-E00AE370FAC9}.Debug|x86.Build.0 = Debug|Any CPU
		{18248AC5-FB26-4940-B23B-E00AE370FAC9}.Release|Any CPU.ActiveCfg = Release|Any CPU
		{18248AC5-FB26-4940-B23B-E00AE370FAC9}.Release|Any CPU.Build.0 = Release|Any CPU
		{18248AC5-FB26-4940-B23B-E00AE370FAC9}.Release|ARM.ActiveCfg = Release|Any CPU
		{18248AC5-FB26-4940-B23B-E00AE370FAC9}.Release|ARM.Build.0 = Release|Any CPU
		{18248AC5-FB26-4940-B23B-E00AE370FAC9}.Release|ARM64.ActiveCfg = Release|Any CPU
		{18248AC5-FB26-4940-B23B-E00AE370FAC9}.Release|ARM64.Build.0 = Release|Any CPU
		{18248AC5-FB26-4940-B23B-E00AE370FAC9}.Release|x64.ActiveCfg = Release|Any CPU
		{18248AC5-FB26-4940-B23B-E00AE370FAC9}.Release|x64.Build.0 = Release|Any CPU
		{18248AC5-FB26-4940-B23B-E00AE370FAC9}.Release|x86.ActiveCfg = Release|Any CPU
		{18248AC5-FB26-4940-B23B-E00AE370FAC9}.Release|x86.Build.0 = Release|Any CPU
		{B73CB776-F575-4BB6-B324-D99E6D620896}.Debug|Any CPU.ActiveCfg = Debug|Any CPU
		{B73CB776-F575-4BB6-B324-D99E6D620896}.Debug|Any CPU.Build.0 = Debug|Any CPU
		{B73CB776-F575-4BB6-B324-D99E6D620896}.Debug|ARM.ActiveCfg = Debug|Any CPU
		{B73CB776-F575-4BB6-B324-D99E6D620896}.Debug|ARM.Build.0 = Debug|Any CPU
		{B73CB776-F575-4BB6-B324-D99E6D620896}.Debug|ARM64.ActiveCfg = Debug|Any CPU
		{B73CB776-F575-4BB6-B324-D99E6D620896}.Debug|ARM64.Build.0 = Debug|Any CPU
		{B73CB776-F575-4BB6-B324-D99E6D620896}.Debug|x64.ActiveCfg = Debug|Any CPU
		{B73CB776-F575-4BB6-B324-D99E6D620896}.Debug|x64.Build.0 = Debug|Any CPU
		{B73CB776-F575-4BB6-B324-D99E6D620896}.Debug|x86.ActiveCfg = Debug|Any CPU
		{B73CB776-F575-4BB6-B324-D99E6D620896}.Debug|x86.Build.0 = Debug|Any CPU
		{B73CB776-F575-4BB6-B324-D99E6D620896}.Release|Any CPU.ActiveCfg = Release|Any CPU
		{B73CB776-F575-4BB6-B324-D99E6D620896}.Release|Any CPU.Build.0 = Release|Any CPU
		{B73CB776-F575-4BB6-B324-D99E6D620896}.Release|ARM.ActiveCfg = Release|Any CPU
		{B73CB776-F575-4BB6-B324-D99E6D620896}.Release|ARM.Build.0 = Release|Any CPU
		{B73CB776-F575-4BB6-B324-D99E6D620896}.Release|ARM64.ActiveCfg = Release|Any CPU
		{B73CB776-F575-4BB6-B324-D99E6D620896}.Release|ARM64.Build.0 = Release|Any CPU
		{B73CB776-F575-4BB6-B324-D99E6D620896}.Release|x64.ActiveCfg = Release|Any CPU
		{B73CB776-F575-4BB6-B324-D99E6D620896}.Release|x64.Build.0 = Release|Any CPU
		{B73CB776-F575-4BB6-B324-D99E6D620896}.Release|x86.ActiveCfg = Release|Any CPU
		{B73CB776-F575-4BB6-B324-D99E6D620896}.Release|x86.Build.0 = Release|Any CPU
	EndGlobalSection
	GlobalSection(SolutionProperties) = preSolution
		HideSolutionNode = FALSE
	EndGlobalSection
	GlobalSection(ExtensibilityGlobals) = postSolution
		SolutionGuid = {8C6D6884-14F8-4C42-B6E6-7B98EB91A92E}
	EndGlobalSection
EndGlobal
