
Microsoft Visual Studio Solution File, Format Version 12.00
# Visual Studio 15
VisualStudioVersion = 15.0.27130.0
MinimumVisualStudioVersion = 10.0.40219.1
Project("{8BC9CEB8-8B4A-11D0-8D11-00A0C91BC942}") = "SeparateThreadWindow", "SeparateThreadWindow\SeparateThreadWindow.vcxproj", "{DA6FFF2B-2356-4369-9D44-0EDD532C5423}"
EndProject
Project("{FAE04EC0-301F-11D3-BF4B-00C04F79EFBC}") = "EscapeKey", "EscapeKey\EscapeKey.csproj", "{566928CA-1DB7-4BE4-BD86-207BBC328B61}"
EndProject
Project("{FAE04EC0-301F-11D3-BF4B-00C04F79EFBC}") = "EFDuplicateProblem", "EFDuplicateProblem\EFDuplicateProblem.csproj", "{66F72904-7EA4-4B88-A369-4FF9AC942F43}"
EndProject
Project("{FAE04EC0-301F-11D3-BF4B-00C04F79EFBC}") = "CommonDataClass", "CommonDataClass\CommonDataClass.csproj", "{B7601A58-BA57-465A-ACAB-00110A3F7D68}"
EndProject
Global
	GlobalSection(SolutionConfigurationPlatforms) = preSolution
		Debug|Any CPU = Debug|Any CPU
		Debug|x64 = Debug|x64
		Debug|x86 = Debug|x86
		Release|Any CPU = Release|Any CPU
		Release|x64 = Release|x64
		Release|x86 = Release|x86
	EndGlobalSection
	GlobalSection(ProjectConfigurationPlatforms) = postSolution
		{DA6FFF2B-2356-4369-9D44-0EDD532C5423}.Debug|Any CPU.ActiveCfg = Debug|Win32
		{DA6FFF2B-2356-4369-9D44-0EDD532C5423}.Debug|x64.ActiveCfg = Debug|x64
		{DA6FFF2B-2356-4369-9D44-0EDD532C5423}.Debug|x64.Build.0 = Debug|x64
		{DA6FFF2B-2356-4369-9D44-0EDD532C5423}.Debug|x86.ActiveCfg = Debug|Win32
		{DA6FFF2B-2356-4369-9D44-0EDD532C5423}.Release|Any CPU.ActiveCfg = Release|Win32
		{DA6FFF2B-2356-4369-9D44-0EDD532C5423}.Release|x64.ActiveCfg = Release|x64
		{DA6FFF2B-2356-4369-9D44-0EDD532C5423}.Release|x64.Build.0 = Release|x64
		{DA6FFF2B-2356-4369-9D44-0EDD532C5423}.Release|x86.ActiveCfg = Release|Win32
		{DA6FFF2B-2356-4369-9D44-0EDD532C5423}.Release|x86.Build.0 = Release|Win32
		{566928CA-1DB7-4BE4-BD86-207BBC328B61}.Debug|Any CPU.ActiveCfg = Debug|Any CPU
		{566928CA-1DB7-4BE4-BD86-207BBC328B61}.Debug|x64.ActiveCfg = Debug|Any CPU
		{566928CA-1DB7-4BE4-BD86-207BBC328B61}.Debug|x64.Build.0 = Debug|Any CPU
		{566928CA-1DB7-4BE4-BD86-207BBC328B61}.Debug|x86.ActiveCfg = Debug|Any CPU
		{566928CA-1DB7-4BE4-BD86-207BBC328B61}.Release|Any CPU.ActiveCfg = Release|Any CPU
		{566928CA-1DB7-4BE4-BD86-207BBC328B61}.Release|Any CPU.Build.0 = Release|Any CPU
		{566928CA-1DB7-4BE4-BD86-207BBC328B61}.Release|x64.ActiveCfg = Release|Any CPU
		{566928CA-1DB7-4BE4-BD86-207BBC328B61}.Release|x64.Build.0 = Release|Any CPU
		{566928CA-1DB7-4BE4-BD86-207BBC328B61}.Release|x86.ActiveCfg = Release|Any CPU
		{566928CA-1DB7-4BE4-BD86-207BBC328B61}.Release|x86.Build.0 = Release|Any CPU
		{66F72904-7EA4-4B88-A369-4FF9AC942F43}.Debug|Any CPU.ActiveCfg = Debug|Any CPU
		{66F72904-7EA4-4B88-A369-4FF9AC942F43}.Debug|x64.ActiveCfg = Debug|Any CPU
		{66F72904-7EA4-4B88-A369-4FF9AC942F43}.Debug|x64.Build.0 = Debug|Any CPU
		{66F72904-7EA4-4B88-A369-4FF9AC942F43}.Debug|x86.ActiveCfg = Debug|Any CPU
		{66F72904-7EA4-4B88-A369-4FF9AC942F43}.Debug|x86.Build.0 = Debug|Any CPU
		{66F72904-7EA4-4B88-A369-4FF9AC942F43}.Release|Any CPU.ActiveCfg = Release|Any CPU
		{66F72904-7EA4-4B88-A369-4FF9AC942F43}.Release|Any CPU.Build.0 = Release|Any CPU
		{66F72904-7EA4-4B88-A369-4FF9AC942F43}.Release|x64.ActiveCfg = Release|Any CPU
		{66F72904-7EA4-4B88-A369-4FF9AC942F43}.Release|x64.Build.0 = Release|Any CPU
		{66F72904-7EA4-4B88-A369-4FF9AC942F43}.Release|x86.ActiveCfg = Release|Any CPU
		{66F72904-7EA4-4B88-A369-4FF9AC942F43}.Release|x86.Build.0 = Release|Any CPU
		{B7601A58-BA57-465A-ACAB-00110A3F7D68}.Debug|Any CPU.ActiveCfg = Debug|Any CPU
		{B7601A58-BA57-465A-ACAB-00110A3F7D68}.Debug|Any CPU.Build.0 = Debug|Any CPU
		{B7601A58-BA57-465A-ACAB-00110A3F7D68}.Debug|x64.ActiveCfg = Debug|Any CPU
		{B7601A58-BA57-465A-ACAB-00110A3F7D68}.Debug|x64.Build.0 = Debug|Any CPU
		{B7601A58-BA57-465A-ACAB-00110A3F7D68}.Debug|x86.ActiveCfg = Debug|Any CPU
		{B7601A58-BA57-465A-ACAB-00110A3F7D68}.Debug|x86.Build.0 = Debug|Any CPU
		{B7601A58-BA57-465A-ACAB-00110A3F7D68}.Release|Any CPU.ActiveCfg = Release|Any CPU
		{B7601A58-BA57-465A-ACAB-00110A3F7D68}.Release|Any CPU.Build.0 = Release|Any CPU
		{B7601A58-BA57-465A-ACAB-00110A3F7D68}.Release|x64.ActiveCfg = Release|Any CPU
		{B7601A58-BA57-465A-ACAB-00110A3F7D68}.Release|x64.Build.0 = Release|Any CPU
		{B7601A58-BA57-465A-ACAB-00110A3F7D68}.Release|x86.ActiveCfg = Release|Any CPU
		{B7601A58-BA57-465A-ACAB-00110A3F7D68}.Release|x86.Build.0 = Release|Any CPU
	EndGlobalSection
	GlobalSection(SolutionProperties) = preSolution
		HideSolutionNode = FALSE
	EndGlobalSection
	GlobalSection(ExtensibilityGlobals) = postSolution
		SolutionGuid = {8C6D6884-14F8-4C42-B6E6-7B98EB91A92E}
	EndGlobalSection
EndGlobal
