
Microsoft Visual Studio Solution File, Format Version 12.00
# Visual Studio 15
VisualStudioVersion = 15.0.28307.1433
MinimumVisualStudioVersion = 10.0.40219.1
Project("{FAE04EC0-301F-11D3-BF4B-00C04F79EFBC}") = "UserControlCommunication", "UserControlCommunication\UserControlCommunication.csproj", "{FCF0E345-D621-4FE7-84E3-EDEAEC97D414}"
EndProject
Project("{F184B08F-C81C-45F6-A57F-5ABD9991F28F}") = "UserControlCommunicationVB", "UserControlCommunicationVB\UserControlCommunicationVB.vbproj", "{6695F352-7A80-4AA0-8731-A96187F16CAB}"
EndProject
Project("{FAE04EC0-301F-11D3-BF4B-00C04F79EFBC}") = "ObjectToJSON", "ObjectToJSON\ObjectToJSON.csproj", "{6F760553-4290-43E9-92D1-DEA0D56B8377}"
EndProject
Project("{8BC9CEB8-8B4A-11D0-8D11-00A0C91BC942}") = "TutorialForDialog", "TutorialForDialog\TutorialForDialog.vcxproj", "{251C4A4F-5C60-4AC0-B49D-AF5442F83B30}"
EndProject
Project("{FAE04EC0-301F-11D3-BF4B-00C04F79EFBC}") = "ConsoleApp1", "ConsoleApp1\ConsoleApp1.csproj", "{917F8897-AE1F-4F21-96DA-0475E733E7FE}"
EndProject
Project("{FAE04EC0-301F-11D3-BF4B-00C04F79EFBC}") = "ConsoleApp2", "ConsoleApp2\ConsoleApp2.csproj", "{938C9506-7F11-419B-89F8-A1DCA488E6F4}"
EndProject
Project("{FAE04EC0-301F-11D3-BF4B-00C04F79EFBC}") = "WindowsFormsApp1", "WindowsFormsApp1\WindowsFormsApp1.csproj", "{0B2AA094-B1BB-4F47-9F8E-6B35B3FDCB87}"
EndProject
Project("{FAE04EC0-301F-11D3-BF4B-00C04F79EFBC}") = "LINQrecursivequery", "LINQrecursivequery\LINQrecursivequery.csproj", "{01FD8C41-6F9D-4D4F-8471-B700D49BDDA3}"
EndProject
Project("{8BC9CEB8-8B4A-11D0-8D11-00A0C91BC942}") = "Direct2DCircle", "Direct2DCircle\cpp\Direct2DCircle.vcxproj", "{2B0044C5-414B-4F64-90F1-C8F02AD04BEB}"
EndProject
Project("{8BC9CEB8-8B4A-11D0-8D11-00A0C91BC942}") = "cppConsole", "cppConsole\cppConsole.vcxproj", "{7DA8F44B-6164-4AF3-9E4A-F44D7CE7180D}"
EndProject
Project("{FAE04EC0-301F-11D3-BF4B-00C04F79EFBC}") = "WpfApp1", "WpfApp1\WpfApp1.csproj", "{9D60014C-7158-408E-9467-03DC83EA7A13}"
EndProject
Project("{FAE04EC0-301F-11D3-BF4B-00C04F79EFBC}") = "ClassLibrary1", "ClassLibrary1\ClassLibrary1.csproj", "{98DEE0DA-FF4C-4171-9F5A-597F5FCCF9D8}"
EndProject
Project("{FAE04EC0-301F-11D3-BF4B-00C04F79EFBC}") = "AnimateWindowClosing", "AnimateWindowClosing\AnimateWindowClosing.csproj", "{3331E3F2-5CA8-4E37-A61D-B7337F22B430}"
EndProject
Project("{FAE04EC0-301F-11D3-BF4B-00C04F79EFBC}") = "UWPTreeViewSelectedNode", "UWPTreeViewSelectedNode\UWPTreeViewSelectedNode.csproj", "{05F953FF-3591-4E7A-8825-3B65A8465836}"
EndProject
Project("{FAE04EC0-301F-11D3-BF4B-00C04F79EFBC}") = "FilenameFromFileSystemWatcher", "FilenameFromFileSystemWatcher\FilenameFromFileSystemWatcher.csproj", "{28B7B3DC-2BC8-499F-AFBC-B7C058D6B239}"
EndProject
Project("{FAE04EC0-301F-11D3-BF4B-00C04F79EFBC}") = "AppUWP", "AppUWP\AppUWP.csproj", "{5948331A-A38C-4D2F-A03B-BCF4F4D0ECCC}"
EndProject
Project("{FAE04EC0-301F-11D3-BF4B-00C04F79EFBC}") = "EditpadCs", "EditpadCs\EditpadCs.csproj", "{815F12DB-80FA-49C8-8AEC-ADFA011AF39B}"
EndProject
Project("{8BC9CEB8-8B4A-11D0-8D11-00A0C91BC942}") = "WinAPIsample", "WinAPIsample\WinAPIsample.vcxproj", "{2665E771-4796-4102-956F-0A2258A54A5D}"
EndProject
Project("{8BC9CEB8-8B4A-11D0-8D11-00A0C91BC942}") = "cConsole", "cConsole\cConsole.vcxproj", "{EE31D743-3D3A-48D3-94DF-AB50FDBCC71E}"
EndProject
Project("{8BC9CEB8-8B4A-11D0-8D11-00A0C91BC942}") = "glfwOpenWindowNotRunning", "glfwOpenWindowNotRunning\glfwOpenWindowNotRunning.vcxproj", "{049EF3F1-D648-422C-82BA-0922B36EC695}"
EndProject
Project("{9A19103F-16F7-4668-BE54-9A1E7A4F7556}") = "CoreConsole", "CoreConsole\CoreConsole.csproj", "{D53506E6-73A9-435B-9DA7-E7F8CA695CE3}"
EndProject
Project("{F184B08F-C81C-45F6-A57F-5ABD9991F28F}") = "vbConsole", "vbConsole\vbConsole.vbproj", "{F1910EBF-A12D-4960-AB75-6EBC31768357}"
EndProject
Project("{FAE04EC0-301F-11D3-BF4B-00C04F79EFBC}") = "ProblemWithConfigurationFile", "ProblemWithConfigurationFile\ProblemWithConfigurationFile.csproj", "{27E76A76-E0B6-4EF2-9F70-6028AA480937}"
EndProject
Project("{FAE04EC0-301F-11D3-BF4B-00C04F79EFBC}") = "Countdown", "Countdown\Countdown.csproj", "{0AB61141-5CE3-4170-8C3F-05C6FC54CD98}"
EndProject
Project("{8BC9CEB8-8B4A-11D0-8D11-00A0C91BC942}") = "MFCApplication1", "MFCApplication1\MFCApplication1.vcxproj", "{78267E42-F830-4D4A-BE30-BD51F56D4B33}"
EndProject
Project("{FAE04EC0-301F-11D3-BF4B-00C04F79EFBC}") = "PositionStreamReader", "PositionStreamReader\PositionStreamReader.csproj", "{6785A6C3-348D-4595-B53C-DDD0FCCA0684}"
EndProject
Project("{8BC9CEB8-8B4A-11D0-8D11-00A0C91BC942}") = "cppUWP", "cppUWP\cppUWP.vcxproj", "{9C0A550F-9DFB-4E0C-998F-C784351ACD37}"
EndProject
Project("{8BC9CEB8-8B4A-11D0-8D11-00A0C91BC942}") = "TestPCH", "TestPCH\TestPCH.vcxproj", "{CFE20B6B-73E0-415E-9E2A-3B653A7160A2}"
EndProject
Project("{FAE04EC0-301F-11D3-BF4B-00C04F79EFBC}") = "EnumWindows", "EnumWindows\EnumWindows.csproj", "{6A0638BB-EF1D-48D7-B879-D857A78C3845}"
EndProject
Project("{8BC9CEB8-8B4A-11D0-8D11-00A0C91BC942}") = "Dll1", "Dll1\Dll1.vcxproj", "{B0E219F1-D39D-47D8-95EF-AC110ACD8F1A}"
EndProject
Project("{8BC9CEB8-8B4A-11D0-8D11-00A0C91BC942}") = "ClassLibraryWrapper", "ClassLibraryWrapper\ClassLibraryWrapper.vcxproj", "{5A972A08-B721-40FB-9ED7-72FB5F0BD43C}"
EndProject
Project("{8BC9CEB8-8B4A-11D0-8D11-00A0C91BC942}") = "WritePerformanceData", "WritePerformanceData\WritePerformanceData.vcxproj", "{6EE90B56-9A9D-455B-AD0C-053C2808793D}"
EndProject
Project("{8BC9CEB8-8B4A-11D0-8D11-00A0C91BC942}") = "ListPerformanceObjects", "ListPerformanceObjects\ListPerformanceObjects.vcxproj", "{925D4A6B-8098-4313-8BD7-B91E0290F511}"
EndProject
Global
	GlobalSection(SolutionConfigurationPlatforms) = preSolution
		Debug|Any CPU = Debug|Any CPU
		Debug|ARM = Debug|ARM
		Debug|ARM64 = Debug|ARM64
		Debug|x64 = Debug|x64
		Debug|x86 = Debug|x86
		Release|Any CPU = Release|Any CPU
		Release|ARM = Release|ARM
		Release|ARM64 = Release|ARM64
		Release|x64 = Release|x64
		Release|x86 = Release|x86
	EndGlobalSection
	GlobalSection(ProjectConfigurationPlatforms) = postSolution
		{FCF0E345-D621-4FE7-84E3-EDEAEC97D414}.Debug|Any CPU.ActiveCfg = Debug|Any CPU
		{FCF0E345-D621-4FE7-84E3-EDEAEC97D414}.Debug|ARM.ActiveCfg = Debug|Any CPU
		{FCF0E345-D621-4FE7-84E3-EDEAEC97D414}.Debug|ARM.Build.0 = Debug|Any CPU
		{FCF0E345-D621-4FE7-84E3-EDEAEC97D414}.Debug|ARM64.ActiveCfg = Debug|Any CPU
		{FCF0E345-D621-4FE7-84E3-EDEAEC97D414}.Debug|ARM64.Build.0 = Debug|Any CPU
		{FCF0E345-D621-4FE7-84E3-EDEAEC97D414}.Debug|x64.ActiveCfg = Debug|Any CPU
		{FCF0E345-D621-4FE7-84E3-EDEAEC97D414}.Debug|x64.Build.0 = Debug|Any CPU
		{FCF0E345-D621-4FE7-84E3-EDEAEC97D414}.Debug|x86.ActiveCfg = Debug|Any CPU
		{FCF0E345-D621-4FE7-84E3-EDEAEC97D414}.Debug|x86.Build.0 = Debug|Any CPU
		{FCF0E345-D621-4FE7-84E3-EDEAEC97D414}.Release|Any CPU.ActiveCfg = Release|Any CPU
		{FCF0E345-D621-4FE7-84E3-EDEAEC97D414}.Release|Any CPU.Build.0 = Release|Any CPU
		{FCF0E345-D621-4FE7-84E3-EDEAEC97D414}.Release|ARM.ActiveCfg = Release|Any CPU
		{FCF0E345-D621-4FE7-84E3-EDEAEC97D414}.Release|ARM.Build.0 = Release|Any CPU
		{FCF0E345-D621-4FE7-84E3-EDEAEC97D414}.Release|ARM64.ActiveCfg = Release|Any CPU
		{FCF0E345-D621-4FE7-84E3-EDEAEC97D414}.Release|ARM64.Build.0 = Release|Any CPU
		{FCF0E345-D621-4FE7-84E3-EDEAEC97D414}.Release|x64.ActiveCfg = Release|Any CPU
		{FCF0E345-D621-4FE7-84E3-EDEAEC97D414}.Release|x64.Build.0 = Release|Any CPU
		{FCF0E345-D621-4FE7-84E3-EDEAEC97D414}.Release|x86.ActiveCfg = Release|Any CPU
		{FCF0E345-D621-4FE7-84E3-EDEAEC97D414}.Release|x86.Build.0 = Release|Any CPU
		{6695F352-7A80-4AA0-8731-A96187F16CAB}.Debug|Any CPU.ActiveCfg = Debug|Any CPU
		{6695F352-7A80-4AA0-8731-A96187F16CAB}.Debug|ARM.ActiveCfg = Debug|Any CPU
		{6695F352-7A80-4AA0-8731-A96187F16CAB}.Debug|ARM.Build.0 = Debug|Any CPU
		{6695F352-7A80-4AA0-8731-A96187F16CAB}.Debug|ARM64.ActiveCfg = Debug|Any CPU
		{6695F352-7A80-4AA0-8731-A96187F16CAB}.Debug|ARM64.Build.0 = Debug|Any CPU
		{6695F352-7A80-4AA0-8731-A96187F16CAB}.Debug|x64.ActiveCfg = Debug|Any CPU
		{6695F352-7A80-4AA0-8731-A96187F16CAB}.Debug|x64.Build.0 = Debug|Any CPU
		{6695F352-7A80-4AA0-8731-A96187F16CAB}.Debug|x86.ActiveCfg = Debug|Any CPU
		{6695F352-7A80-4AA0-8731-A96187F16CAB}.Debug|x86.Build.0 = Debug|Any CPU
		{6695F352-7A80-4AA0-8731-A96187F16CAB}.Release|Any CPU.ActiveCfg = Release|Any CPU
		{6695F352-7A80-4AA0-8731-A96187F16CAB}.Release|Any CPU.Build.0 = Release|Any CPU
		{6695F352-7A80-4AA0-8731-A96187F16CAB}.Release|ARM.ActiveCfg = Release|Any CPU
		{6695F352-7A80-4AA0-8731-A96187F16CAB}.Release|ARM.Build.0 = Release|Any CPU
		{6695F352-7A80-4AA0-8731-A96187F16CAB}.Release|ARM64.ActiveCfg = Release|Any CPU
		{6695F352-7A80-4AA0-8731-A96187F16CAB}.Release|ARM64.Build.0 = Release|Any CPU
		{6695F352-7A80-4AA0-8731-A96187F16CAB}.Release|x64.ActiveCfg = Release|Any CPU
		{6695F352-7A80-4AA0-8731-A96187F16CAB}.Release|x64.Build.0 = Release|Any CPU
		{6695F352-7A80-4AA0-8731-A96187F16CAB}.Release|x86.ActiveCfg = Release|Any CPU
		{6695F352-7A80-4AA0-8731-A96187F16CAB}.Release|x86.Build.0 = Release|Any CPU
		{6F760553-4290-43E9-92D1-DEA0D56B8377}.Debug|Any CPU.ActiveCfg = Debug|Any CPU
		{6F760553-4290-43E9-92D1-DEA0D56B8377}.Debug|ARM.ActiveCfg = Debug|Any CPU
		{6F760553-4290-43E9-92D1-DEA0D56B8377}.Debug|ARM.Build.0 = Debug|Any CPU
		{6F760553-4290-43E9-92D1-DEA0D56B8377}.Debug|ARM64.ActiveCfg = Debug|Any CPU
		{6F760553-4290-43E9-92D1-DEA0D56B8377}.Debug|ARM64.Build.0 = Debug|Any CPU
		{6F760553-4290-43E9-92D1-DEA0D56B8377}.Debug|x64.ActiveCfg = Debug|Any CPU
		{6F760553-4290-43E9-92D1-DEA0D56B8377}.Debug|x64.Build.0 = Debug|Any CPU
		{6F760553-4290-43E9-92D1-DEA0D56B8377}.Debug|x86.ActiveCfg = Debug|Any CPU
		{6F760553-4290-43E9-92D1-DEA0D56B8377}.Debug|x86.Build.0 = Debug|Any CPU
		{6F760553-4290-43E9-92D1-DEA0D56B8377}.Release|Any CPU.ActiveCfg = Release|Any CPU
		{6F760553-4290-43E9-92D1-DEA0D56B8377}.Release|Any CPU.Build.0 = Release|Any CPU
		{6F760553-4290-43E9-92D1-DEA0D56B8377}.Release|ARM.ActiveCfg = Release|Any CPU
		{6F760553-4290-43E9-92D1-DEA0D56B8377}.Release|ARM.Build.0 = Release|Any CPU
		{6F760553-4290-43E9-92D1-DEA0D56B8377}.Release|ARM64.ActiveCfg = Release|Any CPU
		{6F760553-4290-43E9-92D1-DEA0D56B8377}.Release|ARM64.Build.0 = Release|Any CPU
		{6F760553-4290-43E9-92D1-DEA0D56B8377}.Release|x64.ActiveCfg = Release|Any CPU
		{6F760553-4290-43E9-92D1-DEA0D56B8377}.Release|x64.Build.0 = Release|Any CPU
		{6F760553-4290-43E9-92D1-DEA0D56B8377}.Release|x86.ActiveCfg = Release|Any CPU
		{6F760553-4290-43E9-92D1-DEA0D56B8377}.Release|x86.Build.0 = Release|Any CPU
		{251C4A4F-5C60-4AC0-B49D-AF5442F83B30}.Debug|Any CPU.ActiveCfg = Debug|Win32
		{251C4A4F-5C60-4AC0-B49D-AF5442F83B30}.Debug|ARM.ActiveCfg = Debug|Win32
		{251C4A4F-5C60-4AC0-B49D-AF5442F83B30}.Debug|ARM64.ActiveCfg = Debug|Win32
		{251C4A4F-5C60-4AC0-B49D-AF5442F83B30}.Debug|x64.ActiveCfg = Debug|x64
		{251C4A4F-5C60-4AC0-B49D-AF5442F83B30}.Debug|x64.Build.0 = Debug|x64
		{251C4A4F-5C60-4AC0-B49D-AF5442F83B30}.Debug|x86.ActiveCfg = Debug|Win32
		{251C4A4F-5C60-4AC0-B49D-AF5442F83B30}.Debug|x86.Build.0 = Debug|Win32
		{251C4A4F-5C60-4AC0-B49D-AF5442F83B30}.Release|Any CPU.ActiveCfg = Release|Win32
		{251C4A4F-5C60-4AC0-B49D-AF5442F83B30}.Release|ARM.ActiveCfg = Release|Win32
		{251C4A4F-5C60-4AC0-B49D-AF5442F83B30}.Release|ARM64.ActiveCfg = Release|Win32
		{251C4A4F-5C60-4AC0-B49D-AF5442F83B30}.Release|x64.ActiveCfg = Release|x64
		{251C4A4F-5C60-4AC0-B49D-AF5442F83B30}.Release|x64.Build.0 = Release|x64
		{251C4A4F-5C60-4AC0-B49D-AF5442F83B30}.Release|x86.ActiveCfg = Release|Win32
		{251C4A4F-5C60-4AC0-B49D-AF5442F83B30}.Release|x86.Build.0 = Release|Win32
		{917F8897-AE1F-4F21-96DA-0475E733E7FE}.Debug|Any CPU.ActiveCfg = Debug|Any CPU
		{917F8897-AE1F-4F21-96DA-0475E733E7FE}.Debug|ARM.ActiveCfg = Debug|Any CPU
		{917F8897-AE1F-4F21-96DA-0475E733E7FE}.Debug|ARM.Build.0 = Debug|Any CPU
		{917F8897-AE1F-4F21-96DA-0475E733E7FE}.Debug|ARM64.ActiveCfg = Debug|Any CPU
		{917F8897-AE1F-4F21-96DA-0475E733E7FE}.Debug|ARM64.Build.0 = Debug|Any CPU
		{917F8897-AE1F-4F21-96DA-0475E733E7FE}.Debug|x64.ActiveCfg = Debug|Any CPU
		{917F8897-AE1F-4F21-96DA-0475E733E7FE}.Debug|x64.Build.0 = Debug|Any CPU
		{917F8897-AE1F-4F21-96DA-0475E733E7FE}.Debug|x86.ActiveCfg = Debug|Any CPU
		{917F8897-AE1F-4F21-96DA-0475E733E7FE}.Debug|x86.Build.0 = Debug|Any CPU
		{917F8897-AE1F-4F21-96DA-0475E733E7FE}.Release|Any CPU.ActiveCfg = Release|Any CPU
		{917F8897-AE1F-4F21-96DA-0475E733E7FE}.Release|Any CPU.Build.0 = Release|Any CPU
		{917F8897-AE1F-4F21-96DA-0475E733E7FE}.Release|ARM.ActiveCfg = Release|Any CPU
		{917F8897-AE1F-4F21-96DA-0475E733E7FE}.Release|ARM.Build.0 = Release|Any CPU
		{917F8897-AE1F-4F21-96DA-0475E733E7FE}.Release|ARM64.ActiveCfg = Release|Any CPU
		{917F8897-AE1F-4F21-96DA-0475E733E7FE}.Release|ARM64.Build.0 = Release|Any CPU
		{917F8897-AE1F-4F21-96DA-0475E733E7FE}.Release|x64.ActiveCfg = Release|Any CPU
		{917F8897-AE1F-4F21-96DA-0475E733E7FE}.Release|x64.Build.0 = Release|Any CPU
		{917F8897-AE1F-4F21-96DA-0475E733E7FE}.Release|x86.ActiveCfg = Release|Any CPU
		{917F8897-AE1F-4F21-96DA-0475E733E7FE}.Release|x86.Build.0 = Release|Any CPU
		{938C9506-7F11-419B-89F8-A1DCA488E6F4}.Debug|Any CPU.ActiveCfg = Debug|Any CPU
		{938C9506-7F11-419B-89F8-A1DCA488E6F4}.Debug|ARM.ActiveCfg = Debug|Any CPU
		{938C9506-7F11-419B-89F8-A1DCA488E6F4}.Debug|ARM.Build.0 = Debug|Any CPU
		{938C9506-7F11-419B-89F8-A1DCA488E6F4}.Debug|ARM64.ActiveCfg = Debug|Any CPU
		{938C9506-7F11-419B-89F8-A1DCA488E6F4}.Debug|ARM64.Build.0 = Debug|Any CPU
		{938C9506-7F11-419B-89F8-A1DCA488E6F4}.Debug|x64.ActiveCfg = Debug|Any CPU
		{938C9506-7F11-419B-89F8-A1DCA488E6F4}.Debug|x64.Build.0 = Debug|Any CPU
		{938C9506-7F11-419B-89F8-A1DCA488E6F4}.Debug|x86.ActiveCfg = Debug|Any CPU
		{938C9506-7F11-419B-89F8-A1DCA488E6F4}.Debug|x86.Build.0 = Debug|Any CPU
		{938C9506-7F11-419B-89F8-A1DCA488E6F4}.Release|Any CPU.ActiveCfg = Release|Any CPU
		{938C9506-7F11-419B-89F8-A1DCA488E6F4}.Release|Any CPU.Build.0 = Release|Any CPU
		{938C9506-7F11-419B-89F8-A1DCA488E6F4}.Release|ARM.ActiveCfg = Release|Any CPU
		{938C9506-7F11-419B-89F8-A1DCA488E6F4}.Release|ARM.Build.0 = Release|Any CPU
		{938C9506-7F11-419B-89F8-A1DCA488E6F4}.Release|ARM64.ActiveCfg = Release|Any CPU
		{938C9506-7F11-419B-89F8-A1DCA488E6F4}.Release|ARM64.Build.0 = Release|Any CPU
		{938C9506-7F11-419B-89F8-A1DCA488E6F4}.Release|x64.ActiveCfg = Release|Any CPU
		{938C9506-7F11-419B-89F8-A1DCA488E6F4}.Release|x64.Build.0 = Release|Any CPU
		{938C9506-7F11-419B-89F8-A1DCA488E6F4}.Release|x86.ActiveCfg = Release|Any CPU
		{938C9506-7F11-419B-89F8-A1DCA488E6F4}.Release|x86.Build.0 = Release|Any CPU
		{0B2AA094-B1BB-4F47-9F8E-6B35B3FDCB87}.Debug|Any CPU.ActiveCfg = Debug|Any CPU
		{0B2AA094-B1BB-4F47-9F8E-6B35B3FDCB87}.Debug|Any CPU.Build.0 = Debug|Any CPU
		{0B2AA094-B1BB-4F47-9F8E-6B35B3FDCB87}.Debug|ARM.ActiveCfg = Debug|Any CPU
		{0B2AA094-B1BB-4F47-9F8E-6B35B3FDCB87}.Debug|ARM.Build.0 = Debug|Any CPU
		{0B2AA094-B1BB-4F47-9F8E-6B35B3FDCB87}.Debug|ARM64.ActiveCfg = Debug|Any CPU
		{0B2AA094-B1BB-4F47-9F8E-6B35B3FDCB87}.Debug|ARM64.Build.0 = Debug|Any CPU
		{0B2AA094-B1BB-4F47-9F8E-6B35B3FDCB87}.Debug|x64.ActiveCfg = Debug|Any CPU
		{0B2AA094-B1BB-4F47-9F8E-6B35B3FDCB87}.Debug|x64.Build.0 = Debug|Any CPU
		{0B2AA094-B1BB-4F47-9F8E-6B35B3FDCB87}.Debug|x86.ActiveCfg = Debug|Any CPU
		{0B2AA094-B1BB-4F47-9F8E-6B35B3FDCB87}.Debug|x86.Build.0 = Debug|Any CPU
		{0B2AA094-B1BB-4F47-9F8E-6B35B3FDCB87}.Release|Any CPU.ActiveCfg = Release|Any CPU
		{0B2AA094-B1BB-4F47-9F8E-6B35B3FDCB87}.Release|Any CPU.Build.0 = Release|Any CPU
		{0B2AA094-B1BB-4F47-9F8E-6B35B3FDCB87}.Release|ARM.ActiveCfg = Release|Any CPU
		{0B2AA094-B1BB-4F47-9F8E-6B35B3FDCB87}.Release|ARM.Build.0 = Release|Any CPU
		{0B2AA094-B1BB-4F47-9F8E-6B35B3FDCB87}.Release|ARM64.ActiveCfg = Release|Any CPU
		{0B2AA094-B1BB-4F47-9F8E-6B35B3FDCB87}.Release|ARM64.Build.0 = Release|Any CPU
		{0B2AA094-B1BB-4F47-9F8E-6B35B3FDCB87}.Release|x64.ActiveCfg = Release|Any CPU
		{0B2AA094-B1BB-4F47-9F8E-6B35B3FDCB87}.Release|x64.Build.0 = Release|Any CPU
		{0B2AA094-B1BB-4F47-9F8E-6B35B3FDCB87}.Release|x86.ActiveCfg = Release|Any CPU
		{0B2AA094-B1BB-4F47-9F8E-6B35B3FDCB87}.Release|x86.Build.0 = Release|Any CPU
		{01FD8C41-6F9D-4D4F-8471-B700D49BDDA3}.Debug|Any CPU.ActiveCfg = Debug|Any CPU
		{01FD8C41-6F9D-4D4F-8471-B700D49BDDA3}.Debug|ARM.ActiveCfg = Debug|Any CPU
		{01FD8C41-6F9D-4D4F-8471-B700D49BDDA3}.Debug|ARM.Build.0 = Debug|Any CPU
		{01FD8C41-6F9D-4D4F-8471-B700D49BDDA3}.Debug|ARM64.ActiveCfg = Debug|Any CPU
		{01FD8C41-6F9D-4D4F-8471-B700D49BDDA3}.Debug|ARM64.Build.0 = Debug|Any CPU
		{01FD8C41-6F9D-4D4F-8471-B700D49BDDA3}.Debug|x64.ActiveCfg = Debug|Any CPU
		{01FD8C41-6F9D-4D4F-8471-B700D49BDDA3}.Debug|x64.Build.0 = Debug|Any CPU
		{01FD8C41-6F9D-4D4F-8471-B700D49BDDA3}.Debug|x86.ActiveCfg = Debug|Any CPU
		{01FD8C41-6F9D-4D4F-8471-B700D49BDDA3}.Debug|x86.Build.0 = Debug|Any CPU
		{01FD8C41-6F9D-4D4F-8471-B700D49BDDA3}.Release|Any CPU.ActiveCfg = Release|Any CPU
		{01FD8C41-6F9D-4D4F-8471-B700D49BDDA3}.Release|Any CPU.Build.0 = Release|Any CPU
		{01FD8C41-6F9D-4D4F-8471-B700D49BDDA3}.Release|ARM.ActiveCfg = Release|Any CPU
		{01FD8C41-6F9D-4D4F-8471-B700D49BDDA3}.Release|ARM.Build.0 = Release|Any CPU
		{01FD8C41-6F9D-4D4F-8471-B700D49BDDA3}.Release|ARM64.ActiveCfg = Release|Any CPU
		{01FD8C41-6F9D-4D4F-8471-B700D49BDDA3}.Release|ARM64.Build.0 = Release|Any CPU
		{01FD8C41-6F9D-4D4F-8471-B700D49BDDA3}.Release|x64.ActiveCfg = Release|Any CPU
		{01FD8C41-6F9D-4D4F-8471-B700D49BDDA3}.Release|x64.Build.0 = Release|Any CPU
		{01FD8C41-6F9D-4D4F-8471-B700D49BDDA3}.Release|x86.ActiveCfg = Release|Any CPU
		{01FD8C41-6F9D-4D4F-8471-B700D49BDDA3}.Release|x86.Build.0 = Release|Any CPU
		{2B0044C5-414B-4F64-90F1-C8F02AD04BEB}.Debug|Any CPU.ActiveCfg = Debug|Win32
		{2B0044C5-414B-4F64-90F1-C8F02AD04BEB}.Debug|ARM.ActiveCfg = Debug|Win32
		{2B0044C5-414B-4F64-90F1-C8F02AD04BEB}.Debug|ARM64.ActiveCfg = Debug|Win32
		{2B0044C5-414B-4F64-90F1-C8F02AD04BEB}.Debug|x64.ActiveCfg = Debug|x64
		{2B0044C5-414B-4F64-90F1-C8F02AD04BEB}.Debug|x64.Build.0 = Debug|x64
		{2B0044C5-414B-4F64-90F1-C8F02AD04BEB}.Debug|x86.ActiveCfg = Debug|Win32
		{2B0044C5-414B-4F64-90F1-C8F02AD04BEB}.Debug|x86.Build.0 = Debug|Win32
		{2B0044C5-414B-4F64-90F1-C8F02AD04BEB}.Release|Any CPU.ActiveCfg = Release|Win32
		{2B0044C5-414B-4F64-90F1-C8F02AD04BEB}.Release|ARM.ActiveCfg = Release|Win32
		{2B0044C5-414B-4F64-90F1-C8F02AD04BEB}.Release|ARM64.ActiveCfg = Release|Win32
		{2B0044C5-414B-4F64-90F1-C8F02AD04BEB}.Release|x64.ActiveCfg = Release|x64
		{2B0044C5-414B-4F64-90F1-C8F02AD04BEB}.Release|x64.Build.0 = Release|x64
		{2B0044C5-414B-4F64-90F1-C8F02AD04BEB}.Release|x86.ActiveCfg = Release|Win32
		{2B0044C5-414B-4F64-90F1-C8F02AD04BEB}.Release|x86.Build.0 = Release|Win32
		{7DA8F44B-6164-4AF3-9E4A-F44D7CE7180D}.Debug|Any CPU.ActiveCfg = Debug|Win32
		{7DA8F44B-6164-4AF3-9E4A-F44D7CE7180D}.Debug|ARM.ActiveCfg = Debug|Win32
		{7DA8F44B-6164-4AF3-9E4A-F44D7CE7180D}.Debug|ARM64.ActiveCfg = Debug|Win32
		{7DA8F44B-6164-4AF3-9E4A-F44D7CE7180D}.Debug|x64.ActiveCfg = Debug|x64
		{7DA8F44B-6164-4AF3-9E4A-F44D7CE7180D}.Debug|x64.Build.0 = Debug|x64
		{7DA8F44B-6164-4AF3-9E4A-F44D7CE7180D}.Debug|x86.ActiveCfg = Debug|Win32
		{7DA8F44B-6164-4AF3-9E4A-F44D7CE7180D}.Debug|x86.Build.0 = Debug|Win32
		{7DA8F44B-6164-4AF3-9E4A-F44D7CE7180D}.Release|Any CPU.ActiveCfg = Release|Win32
		{7DA8F44B-6164-4AF3-9E4A-F44D7CE7180D}.Release|ARM.ActiveCfg = Release|Win32
		{7DA8F44B-6164-4AF3-9E4A-F44D7CE7180D}.Release|ARM64.ActiveCfg = Release|Win32
		{7DA8F44B-6164-4AF3-9E4A-F44D7CE7180D}.Release|x64.ActiveCfg = Release|x64
		{7DA8F44B-6164-4AF3-9E4A-F44D7CE7180D}.Release|x64.Build.0 = Release|x64
		{7DA8F44B-6164-4AF3-9E4A-F44D7CE7180D}.Release|x86.ActiveCfg = Release|Win32
		{7DA8F44B-6164-4AF3-9E4A-F44D7CE7180D}.Release|x86.Build.0 = Release|Win32
		{9D60014C-7158-408E-9467-03DC83EA7A13}.Debug|Any CPU.ActiveCfg = Debug|Any CPU
		{9D60014C-7158-408E-9467-03DC83EA7A13}.Debug|ARM.ActiveCfg = Debug|Any CPU
		{9D60014C-7158-408E-9467-03DC83EA7A13}.Debug|ARM.Build.0 = Debug|Any CPU
		{9D60014C-7158-408E-9467-03DC83EA7A13}.Debug|ARM64.ActiveCfg = Debug|Any CPU
		{9D60014C-7158-408E-9467-03DC83EA7A13}.Debug|ARM64.Build.0 = Debug|Any CPU
		{9D60014C-7158-408E-9467-03DC83EA7A13}.Debug|x64.ActiveCfg = Debug|Any CPU
		{9D60014C-7158-408E-9467-03DC83EA7A13}.Debug|x64.Build.0 = Debug|Any CPU
		{9D60014C-7158-408E-9467-03DC83EA7A13}.Debug|x86.ActiveCfg = Debug|Any CPU
		{9D60014C-7158-408E-9467-03DC83EA7A13}.Debug|x86.Build.0 = Debug|Any CPU
		{9D60014C-7158-408E-9467-03DC83EA7A13}.Release|Any CPU.ActiveCfg = Release|Any CPU
		{9D60014C-7158-408E-9467-03DC83EA7A13}.Release|Any CPU.Build.0 = Release|Any CPU
		{9D60014C-7158-408E-9467-03DC83EA7A13}.Release|ARM.ActiveCfg = Release|Any CPU
		{9D60014C-7158-408E-9467-03DC83EA7A13}.Release|ARM.Build.0 = Release|Any CPU
		{9D60014C-7158-408E-9467-03DC83EA7A13}.Release|ARM64.ActiveCfg = Release|Any CPU
		{9D60014C-7158-408E-9467-03DC83EA7A13}.Release|ARM64.Build.0 = Release|Any CPU
		{9D60014C-7158-408E-9467-03DC83EA7A13}.Release|x64.ActiveCfg = Release|Any CPU
		{9D60014C-7158-408E-9467-03DC83EA7A13}.Release|x64.Build.0 = Release|Any CPU
		{9D60014C-7158-408E-9467-03DC83EA7A13}.Release|x86.ActiveCfg = Release|Any CPU
		{9D60014C-7158-408E-9467-03DC83EA7A13}.Release|x86.Build.0 = Release|Any CPU
		{98DEE0DA-FF4C-4171-9F5A-597F5FCCF9D8}.Debug|Any CPU.ActiveCfg = Debug|Any CPU
		{98DEE0DA-FF4C-4171-9F5A-597F5FCCF9D8}.Debug|ARM.ActiveCfg = Debug|Any CPU
		{98DEE0DA-FF4C-4171-9F5A-597F5FCCF9D8}.Debug|ARM.Build.0 = Debug|Any CPU
		{98DEE0DA-FF4C-4171-9F5A-597F5FCCF9D8}.Debug|ARM64.ActiveCfg = Debug|Any CPU
		{98DEE0DA-FF4C-4171-9F5A-597F5FCCF9D8}.Debug|ARM64.Build.0 = Debug|Any CPU
		{98DEE0DA-FF4C-4171-9F5A-597F5FCCF9D8}.Debug|x64.ActiveCfg = Debug|Any CPU
		{98DEE0DA-FF4C-4171-9F5A-597F5FCCF9D8}.Debug|x64.Build.0 = Debug|Any CPU
		{98DEE0DA-FF4C-4171-9F5A-597F5FCCF9D8}.Debug|x86.ActiveCfg = Debug|Any CPU
		{98DEE0DA-FF4C-4171-9F5A-597F5FCCF9D8}.Debug|x86.Build.0 = Debug|Any CPU
		{98DEE0DA-FF4C-4171-9F5A-597F5FCCF9D8}.Release|Any CPU.ActiveCfg = Release|Any CPU
		{98DEE0DA-FF4C-4171-9F5A-597F5FCCF9D8}.Release|Any CPU.Build.0 = Release|Any CPU
		{98DEE0DA-FF4C-4171-9F5A-597F5FCCF9D8}.Release|ARM.ActiveCfg = Release|Any CPU
		{98DEE0DA-FF4C-4171-9F5A-597F5FCCF9D8}.Release|ARM.Build.0 = Release|Any CPU
		{98DEE0DA-FF4C-4171-9F5A-597F5FCCF9D8}.Release|ARM64.ActiveCfg = Release|Any CPU
		{98DEE0DA-FF4C-4171-9F5A-597F5FCCF9D8}.Release|ARM64.Build.0 = Release|Any CPU
		{98DEE0DA-FF4C-4171-9F5A-597F5FCCF9D8}.Release|x64.ActiveCfg = Release|Any CPU
		{98DEE0DA-FF4C-4171-9F5A-597F5FCCF9D8}.Release|x64.Build.0 = Release|Any CPU
		{98DEE0DA-FF4C-4171-9F5A-597F5FCCF9D8}.Release|x86.ActiveCfg = Release|Any CPU
		{98DEE0DA-FF4C-4171-9F5A-597F5FCCF9D8}.Release|x86.Build.0 = Release|Any CPU
		{3331E3F2-5CA8-4E37-A61D-B7337F22B430}.Debug|Any CPU.ActiveCfg = Debug|Any CPU
		{3331E3F2-5CA8-4E37-A61D-B7337F22B430}.Debug|ARM.ActiveCfg = Debug|Any CPU
		{3331E3F2-5CA8-4E37-A61D-B7337F22B430}.Debug|ARM.Build.0 = Debug|Any CPU
		{3331E3F2-5CA8-4E37-A61D-B7337F22B430}.Debug|ARM64.ActiveCfg = Debug|Any CPU
		{3331E3F2-5CA8-4E37-A61D-B7337F22B430}.Debug|ARM64.Build.0 = Debug|Any CPU
		{3331E3F2-5CA8-4E37-A61D-B7337F22B430}.Debug|x64.ActiveCfg = Debug|Any CPU
		{3331E3F2-5CA8-4E37-A61D-B7337F22B430}.Debug|x64.Build.0 = Debug|Any CPU
		{3331E3F2-5CA8-4E37-A61D-B7337F22B430}.Debug|x86.ActiveCfg = Debug|Any CPU
		{3331E3F2-5CA8-4E37-A61D-B7337F22B430}.Debug|x86.Build.0 = Debug|Any CPU
		{3331E3F2-5CA8-4E37-A61D-B7337F22B430}.Release|Any CPU.ActiveCfg = Release|Any CPU
		{3331E3F2-5CA8-4E37-A61D-B7337F22B430}.Release|Any CPU.Build.0 = Release|Any CPU
		{3331E3F2-5CA8-4E37-A61D-B7337F22B430}.Release|ARM.ActiveCfg = Release|Any CPU
		{3331E3F2-5CA8-4E37-A61D-B7337F22B430}.Release|ARM.Build.0 = Release|Any CPU
		{3331E3F2-5CA8-4E37-A61D-B7337F22B430}.Release|ARM64.ActiveCfg = Release|Any CPU
		{3331E3F2-5CA8-4E37-A61D-B7337F22B430}.Release|ARM64.Build.0 = Release|Any CPU
		{3331E3F2-5CA8-4E37-A61D-B7337F22B430}.Release|x64.ActiveCfg = Release|Any CPU
		{3331E3F2-5CA8-4E37-A61D-B7337F22B430}.Release|x64.Build.0 = Release|Any CPU
		{3331E3F2-5CA8-4E37-A61D-B7337F22B430}.Release|x86.ActiveCfg = Release|Any CPU
		{3331E3F2-5CA8-4E37-A61D-B7337F22B430}.Release|x86.Build.0 = Release|Any CPU
		{05F953FF-3591-4E7A-8825-3B65A8465836}.Debug|Any CPU.ActiveCfg = Debug|x86
		{05F953FF-3591-4E7A-8825-3B65A8465836}.Debug|ARM.ActiveCfg = Debug|ARM
		{05F953FF-3591-4E7A-8825-3B65A8465836}.Debug|ARM.Build.0 = Debug|ARM
		{05F953FF-3591-4E7A-8825-3B65A8465836}.Debug|ARM.Deploy.0 = Debug|ARM
		{05F953FF-3591-4E7A-8825-3B65A8465836}.Debug|ARM64.ActiveCfg = Debug|ARM64
		{05F953FF-3591-4E7A-8825-3B65A8465836}.Debug|ARM64.Build.0 = Debug|ARM64
		{05F953FF-3591-4E7A-8825-3B65A8465836}.Debug|ARM64.Deploy.0 = Debug|ARM64
		{05F953FF-3591-4E7A-8825-3B65A8465836}.Debug|x64.ActiveCfg = Debug|x64
		{05F953FF-3591-4E7A-8825-3B65A8465836}.Debug|x64.Build.0 = Debug|x64
		{05F953FF-3591-4E7A-8825-3B65A8465836}.Debug|x64.Deploy.0 = Debug|x64
		{05F953FF-3591-4E7A-8825-3B65A8465836}.Debug|x86.ActiveCfg = Debug|x86
		{05F953FF-3591-4E7A-8825-3B65A8465836}.Debug|x86.Build.0 = Debug|x86
		{05F953FF-3591-4E7A-8825-3B65A8465836}.Debug|x86.Deploy.0 = Debug|x86
		{05F953FF-3591-4E7A-8825-3B65A8465836}.Release|Any CPU.ActiveCfg = Release|x86
		{05F953FF-3591-4E7A-8825-3B65A8465836}.Release|ARM.ActiveCfg = Release|ARM
		{05F953FF-3591-4E7A-8825-3B65A8465836}.Release|ARM.Build.0 = Release|ARM
		{05F953FF-3591-4E7A-8825-3B65A8465836}.Release|ARM.Deploy.0 = Release|ARM
		{05F953FF-3591-4E7A-8825-3B65A8465836}.Release|ARM64.ActiveCfg = Release|ARM64
		{05F953FF-3591-4E7A-8825-3B65A8465836}.Release|ARM64.Build.0 = Release|ARM64
		{05F953FF-3591-4E7A-8825-3B65A8465836}.Release|ARM64.Deploy.0 = Release|ARM64
		{05F953FF-3591-4E7A-8825-3B65A8465836}.Release|x64.ActiveCfg = Release|x64
		{05F953FF-3591-4E7A-8825-3B65A8465836}.Release|x64.Build.0 = Release|x64
		{05F953FF-3591-4E7A-8825-3B65A8465836}.Release|x64.Deploy.0 = Release|x64
		{05F953FF-3591-4E7A-8825-3B65A8465836}.Release|x86.ActiveCfg = Release|x86
		{05F953FF-3591-4E7A-8825-3B65A8465836}.Release|x86.Build.0 = Release|x86
		{05F953FF-3591-4E7A-8825-3B65A8465836}.Release|x86.Deploy.0 = Release|x86
		{28B7B3DC-2BC8-499F-AFBC-B7C058D6B239}.Debug|Any CPU.ActiveCfg = Debug|Any CPU
		{28B7B3DC-2BC8-499F-AFBC-B7C058D6B239}.Debug|ARM.ActiveCfg = Debug|Any CPU
		{28B7B3DC-2BC8-499F-AFBC-B7C058D6B239}.Debug|ARM.Build.0 = Debug|Any CPU
		{28B7B3DC-2BC8-499F-AFBC-B7C058D6B239}.Debug|ARM64.ActiveCfg = Debug|Any CPU
		{28B7B3DC-2BC8-499F-AFBC-B7C058D6B239}.Debug|ARM64.Build.0 = Debug|Any CPU
		{28B7B3DC-2BC8-499F-AFBC-B7C058D6B239}.Debug|x64.ActiveCfg = Debug|Any CPU
		{28B7B3DC-2BC8-499F-AFBC-B7C058D6B239}.Debug|x64.Build.0 = Debug|Any CPU
		{28B7B3DC-2BC8-499F-AFBC-B7C058D6B239}.Debug|x86.ActiveCfg = Debug|Any CPU
		{28B7B3DC-2BC8-499F-AFBC-B7C058D6B239}.Debug|x86.Build.0 = Debug|Any CPU
		{28B7B3DC-2BC8-499F-AFBC-B7C058D6B239}.Release|Any CPU.ActiveCfg = Release|Any CPU
		{28B7B3DC-2BC8-499F-AFBC-B7C058D6B239}.Release|Any CPU.Build.0 = Release|Any CPU
		{28B7B3DC-2BC8-499F-AFBC-B7C058D6B239}.Release|ARM.ActiveCfg = Release|Any CPU
		{28B7B3DC-2BC8-499F-AFBC-B7C058D6B239}.Release|ARM.Build.0 = Release|Any CPU
		{28B7B3DC-2BC8-499F-AFBC-B7C058D6B239}.Release|ARM64.ActiveCfg = Release|Any CPU
		{28B7B3DC-2BC8-499F-AFBC-B7C058D6B239}.Release|ARM64.Build.0 = Release|Any CPU
		{28B7B3DC-2BC8-499F-AFBC-B7C058D6B239}.Release|x64.ActiveCfg = Release|Any CPU
		{28B7B3DC-2BC8-499F-AFBC-B7C058D6B239}.Release|x64.Build.0 = Release|Any CPU
		{28B7B3DC-2BC8-499F-AFBC-B7C058D6B239}.Release|x86.ActiveCfg = Release|Any CPU
		{28B7B3DC-2BC8-499F-AFBC-B7C058D6B239}.Release|x86.Build.0 = Release|Any CPU
		{5948331A-A38C-4D2F-A03B-BCF4F4D0ECCC}.Debug|Any CPU.ActiveCfg = Debug|x86
		{5948331A-A38C-4D2F-A03B-BCF4F4D0ECCC}.Debug|Any CPU.Deploy.0 = Debug|x86
		{5948331A-A38C-4D2F-A03B-BCF4F4D0ECCC}.Debug|ARM.ActiveCfg = Debug|ARM
		{5948331A-A38C-4D2F-A03B-BCF4F4D0ECCC}.Debug|ARM.Build.0 = Debug|ARM
		{5948331A-A38C-4D2F-A03B-BCF4F4D0ECCC}.Debug|ARM.Deploy.0 = Debug|ARM
		{5948331A-A38C-4D2F-A03B-BCF4F4D0ECCC}.Debug|ARM64.ActiveCfg = Debug|ARM64
		{5948331A-A38C-4D2F-A03B-BCF4F4D0ECCC}.Debug|ARM64.Build.0 = Debug|ARM64
		{5948331A-A38C-4D2F-A03B-BCF4F4D0ECCC}.Debug|ARM64.Deploy.0 = Debug|ARM64
		{5948331A-A38C-4D2F-A03B-BCF4F4D0ECCC}.Debug|x64.ActiveCfg = Debug|x64
		{5948331A-A38C-4D2F-A03B-BCF4F4D0ECCC}.Debug|x64.Build.0 = Debug|x64
		{5948331A-A38C-4D2F-A03B-BCF4F4D0ECCC}.Debug|x64.Deploy.0 = Debug|x64
		{5948331A-A38C-4D2F-A03B-BCF4F4D0ECCC}.Debug|x86.ActiveCfg = Debug|x86
		{5948331A-A38C-4D2F-A03B-BCF4F4D0ECCC}.Debug|x86.Build.0 = Debug|x86
		{5948331A-A38C-4D2F-A03B-BCF4F4D0ECCC}.Debug|x86.Deploy.0 = Debug|x86
		{5948331A-A38C-4D2F-A03B-BCF4F4D0ECCC}.Release|Any CPU.ActiveCfg = Release|x86
		{5948331A-A38C-4D2F-A03B-BCF4F4D0ECCC}.Release|ARM.ActiveCfg = Release|ARM
		{5948331A-A38C-4D2F-A03B-BCF4F4D0ECCC}.Release|ARM.Build.0 = Release|ARM
		{5948331A-A38C-4D2F-A03B-BCF4F4D0ECCC}.Release|ARM.Deploy.0 = Release|ARM
		{5948331A-A38C-4D2F-A03B-BCF4F4D0ECCC}.Release|ARM64.ActiveCfg = Release|ARM64
		{5948331A-A38C-4D2F-A03B-BCF4F4D0ECCC}.Release|ARM64.Build.0 = Release|ARM64
		{5948331A-A38C-4D2F-A03B-BCF4F4D0ECCC}.Release|ARM64.Deploy.0 = Release|ARM64
		{5948331A-A38C-4D2F-A03B-BCF4F4D0ECCC}.Release|x64.ActiveCfg = Release|x64
		{5948331A-A38C-4D2F-A03B-BCF4F4D0ECCC}.Release|x64.Build.0 = Release|x64
		{5948331A-A38C-4D2F-A03B-BCF4F4D0ECCC}.Release|x64.Deploy.0 = Release|x64
		{5948331A-A38C-4D2F-A03B-BCF4F4D0ECCC}.Release|x86.ActiveCfg = Release|x86
		{5948331A-A38C-4D2F-A03B-BCF4F4D0ECCC}.Release|x86.Build.0 = Release|x86
		{5948331A-A38C-4D2F-A03B-BCF4F4D0ECCC}.Release|x86.Deploy.0 = Release|x86
		{815F12DB-80FA-49C8-8AEC-ADFA011AF39B}.Debug|Any CPU.ActiveCfg = Debug|Any CPU
		{815F12DB-80FA-49C8-8AEC-ADFA011AF39B}.Debug|ARM.ActiveCfg = Debug|Any CPU
		{815F12DB-80FA-49C8-8AEC-ADFA011AF39B}.Debug|ARM.Build.0 = Debug|Any CPU
		{815F12DB-80FA-49C8-8AEC-ADFA011AF39B}.Debug|ARM64.ActiveCfg = Debug|Any CPU
		{815F12DB-80FA-49C8-8AEC-ADFA011AF39B}.Debug|ARM64.Build.0 = Debug|Any CPU
		{815F12DB-80FA-49C8-8AEC-ADFA011AF39B}.Debug|x64.ActiveCfg = Debug|Any CPU
		{815F12DB-80FA-49C8-8AEC-ADFA011AF39B}.Debug|x64.Build.0 = Debug|Any CPU
		{815F12DB-80FA-49C8-8AEC-ADFA011AF39B}.Debug|x86.ActiveCfg = Debug|Any CPU
		{815F12DB-80FA-49C8-8AEC-ADFA011AF39B}.Debug|x86.Build.0 = Debug|Any CPU
		{815F12DB-80FA-49C8-8AEC-ADFA011AF39B}.Release|Any CPU.ActiveCfg = Release|Any CPU
		{815F12DB-80FA-49C8-8AEC-ADFA011AF39B}.Release|Any CPU.Build.0 = Release|Any CPU
		{815F12DB-80FA-49C8-8AEC-ADFA011AF39B}.Release|ARM.ActiveCfg = Release|Any CPU
		{815F12DB-80FA-49C8-8AEC-ADFA011AF39B}.Release|ARM.Build.0 = Release|Any CPU
		{815F12DB-80FA-49C8-8AEC-ADFA011AF39B}.Release|ARM64.ActiveCfg = Release|Any CPU
		{815F12DB-80FA-49C8-8AEC-ADFA011AF39B}.Release|ARM64.Build.0 = Release|Any CPU
		{815F12DB-80FA-49C8-8AEC-ADFA011AF39B}.Release|x64.ActiveCfg = Release|Any CPU
		{815F12DB-80FA-49C8-8AEC-ADFA011AF39B}.Release|x64.Build.0 = Release|Any CPU
		{815F12DB-80FA-49C8-8AEC-ADFA011AF39B}.Release|x86.ActiveCfg = Release|Any CPU
		{815F12DB-80FA-49C8-8AEC-ADFA011AF39B}.Release|x86.Build.0 = Release|Any CPU
		{2665E771-4796-4102-956F-0A2258A54A5D}.Debug|Any CPU.ActiveCfg = Debug|Win32
		{2665E771-4796-4102-956F-0A2258A54A5D}.Debug|ARM.ActiveCfg = Debug|Win32
		{2665E771-4796-4102-956F-0A2258A54A5D}.Debug|ARM64.ActiveCfg = Debug|Win32
		{2665E771-4796-4102-956F-0A2258A54A5D}.Debug|x64.ActiveCfg = Debug|x64
		{2665E771-4796-4102-956F-0A2258A54A5D}.Debug|x64.Build.0 = Debug|x64
		{2665E771-4796-4102-956F-0A2258A54A5D}.Debug|x86.ActiveCfg = Debug|Win32
		{2665E771-4796-4102-956F-0A2258A54A5D}.Debug|x86.Build.0 = Debug|Win32
		{2665E771-4796-4102-956F-0A2258A54A5D}.Release|Any CPU.ActiveCfg = Release|Win32
		{2665E771-4796-4102-956F-0A2258A54A5D}.Release|ARM.ActiveCfg = Release|Win32
		{2665E771-4796-4102-956F-0A2258A54A5D}.Release|ARM64.ActiveCfg = Release|Win32
		{2665E771-4796-4102-956F-0A2258A54A5D}.Release|x64.ActiveCfg = Release|x64
		{2665E771-4796-4102-956F-0A2258A54A5D}.Release|x64.Build.0 = Release|x64
		{2665E771-4796-4102-956F-0A2258A54A5D}.Release|x86.ActiveCfg = Release|Win32
		{2665E771-4796-4102-956F-0A2258A54A5D}.Release|x86.Build.0 = Release|Win32
		{EE31D743-3D3A-48D3-94DF-AB50FDBCC71E}.Debug|Any CPU.ActiveCfg = Debug|Win32
		{EE31D743-3D3A-48D3-94DF-AB50FDBCC71E}.Debug|ARM.ActiveCfg = Debug|Win32
		{EE31D743-3D3A-48D3-94DF-AB50FDBCC71E}.Debug|ARM64.ActiveCfg = Debug|Win32
		{EE31D743-3D3A-48D3-94DF-AB50FDBCC71E}.Debug|x64.ActiveCfg = Debug|x64
		{EE31D743-3D3A-48D3-94DF-AB50FDBCC71E}.Debug|x64.Build.0 = Debug|x64
		{EE31D743-3D3A-48D3-94DF-AB50FDBCC71E}.Debug|x86.ActiveCfg = Debug|Win32
		{EE31D743-3D3A-48D3-94DF-AB50FDBCC71E}.Debug|x86.Build.0 = Debug|Win32
		{EE31D743-3D3A-48D3-94DF-AB50FDBCC71E}.Release|Any CPU.ActiveCfg = Release|Win32
		{EE31D743-3D3A-48D3-94DF-AB50FDBCC71E}.Release|ARM.ActiveCfg = Release|Win32
		{EE31D743-3D3A-48D3-94DF-AB50FDBCC71E}.Release|ARM64.ActiveCfg = Release|Win32
		{EE31D743-3D3A-48D3-94DF-AB50FDBCC71E}.Release|x64.ActiveCfg = Release|x64
		{EE31D743-3D3A-48D3-94DF-AB50FDBCC71E}.Release|x64.Build.0 = Release|x64
		{EE31D743-3D3A-48D3-94DF-AB50FDBCC71E}.Release|x86.ActiveCfg = Release|Win32
		{EE31D743-3D3A-48D3-94DF-AB50FDBCC71E}.Release|x86.Build.0 = Release|Win32
		{049EF3F1-D648-422C-82BA-0922B36EC695}.Debug|Any CPU.ActiveCfg = Debug|Win32
		{049EF3F1-D648-422C-82BA-0922B36EC695}.Debug|ARM.ActiveCfg = Debug|Win32
		{049EF3F1-D648-422C-82BA-0922B36EC695}.Debug|ARM64.ActiveCfg = Debug|Win32
		{049EF3F1-D648-422C-82BA-0922B36EC695}.Debug|x64.ActiveCfg = Debug|x64
		{049EF3F1-D648-422C-82BA-0922B36EC695}.Debug|x64.Build.0 = Debug|x64
		{049EF3F1-D648-422C-82BA-0922B36EC695}.Debug|x86.ActiveCfg = Debug|Win32
		{049EF3F1-D648-422C-82BA-0922B36EC695}.Debug|x86.Build.0 = Debug|Win32
		{049EF3F1-D648-422C-82BA-0922B36EC695}.Release|Any CPU.ActiveCfg = Release|Win32
		{049EF3F1-D648-422C-82BA-0922B36EC695}.Release|ARM.ActiveCfg = Release|Win32
		{049EF3F1-D648-422C-82BA-0922B36EC695}.Release|ARM64.ActiveCfg = Release|Win32
		{049EF3F1-D648-422C-82BA-0922B36EC695}.Release|x64.ActiveCfg = Release|x64
		{049EF3F1-D648-422C-82BA-0922B36EC695}.Release|x64.Build.0 = Release|x64
		{049EF3F1-D648-422C-82BA-0922B36EC695}.Release|x86.ActiveCfg = Release|Win32
		{049EF3F1-D648-422C-82BA-0922B36EC695}.Release|x86.Build.0 = Release|Win32
		{D53506E6-73A9-435B-9DA7-E7F8CA695CE3}.Debug|Any CPU.ActiveCfg = Debug|Any CPU
		{D53506E6-73A9-435B-9DA7-E7F8CA695CE3}.Debug|ARM.ActiveCfg = Debug|Any CPU
		{D53506E6-73A9-435B-9DA7-E7F8CA695CE3}.Debug|ARM.Build.0 = Debug|Any CPU
		{D53506E6-73A9-435B-9DA7-E7F8CA695CE3}.Debug|ARM64.ActiveCfg = Debug|Any CPU
		{D53506E6-73A9-435B-9DA7-E7F8CA695CE3}.Debug|ARM64.Build.0 = Debug|Any CPU
		{D53506E6-73A9-435B-9DA7-E7F8CA695CE3}.Debug|x64.ActiveCfg = Debug|Any CPU
		{D53506E6-73A9-435B-9DA7-E7F8CA695CE3}.Debug|x64.Build.0 = Debug|Any CPU
		{D53506E6-73A9-435B-9DA7-E7F8CA695CE3}.Debug|x86.ActiveCfg = Debug|Any CPU
		{D53506E6-73A9-435B-9DA7-E7F8CA695CE3}.Debug|x86.Build.0 = Debug|Any CPU
		{D53506E6-73A9-435B-9DA7-E7F8CA695CE3}.Release|Any CPU.ActiveCfg = Release|Any CPU
		{D53506E6-73A9-435B-9DA7-E7F8CA695CE3}.Release|Any CPU.Build.0 = Release|Any CPU
		{D53506E6-73A9-435B-9DA7-E7F8CA695CE3}.Release|ARM.ActiveCfg = Release|Any CPU
		{D53506E6-73A9-435B-9DA7-E7F8CA695CE3}.Release|ARM.Build.0 = Release|Any CPU
		{D53506E6-73A9-435B-9DA7-E7F8CA695CE3}.Release|ARM64.ActiveCfg = Release|Any CPU
		{D53506E6-73A9-435B-9DA7-E7F8CA695CE3}.Release|ARM64.Build.0 = Release|Any CPU
		{D53506E6-73A9-435B-9DA7-E7F8CA695CE3}.Release|x64.ActiveCfg = Release|Any CPU
		{D53506E6-73A9-435B-9DA7-E7F8CA695CE3}.Release|x64.Build.0 = Release|Any CPU
		{D53506E6-73A9-435B-9DA7-E7F8CA695CE3}.Release|x86.ActiveCfg = Release|Any CPU
		{D53506E6-73A9-435B-9DA7-E7F8CA695CE3}.Release|x86.Build.0 = Release|Any CPU
		{F1910EBF-A12D-4960-AB75-6EBC31768357}.Debug|Any CPU.ActiveCfg = Debug|Any CPU
		{F1910EBF-A12D-4960-AB75-6EBC31768357}.Debug|ARM.ActiveCfg = Debug|Any CPU
		{F1910EBF-A12D-4960-AB75-6EBC31768357}.Debug|ARM.Build.0 = Debug|Any CPU
		{F1910EBF-A12D-4960-AB75-6EBC31768357}.Debug|ARM64.ActiveCfg = Debug|Any CPU
		{F1910EBF-A12D-4960-AB75-6EBC31768357}.Debug|ARM64.Build.0 = Debug|Any CPU
		{F1910EBF-A12D-4960-AB75-6EBC31768357}.Debug|x64.ActiveCfg = Debug|Any CPU
		{F1910EBF-A12D-4960-AB75-6EBC31768357}.Debug|x64.Build.0 = Debug|Any CPU
		{F1910EBF-A12D-4960-AB75-6EBC31768357}.Debug|x86.ActiveCfg = Debug|Any CPU
		{F1910EBF-A12D-4960-AB75-6EBC31768357}.Debug|x86.Build.0 = Debug|Any CPU
		{F1910EBF-A12D-4960-AB75-6EBC31768357}.Release|Any CPU.ActiveCfg = Release|Any CPU
		{F1910EBF-A12D-4960-AB75-6EBC31768357}.Release|Any CPU.Build.0 = Release|Any CPU
		{F1910EBF-A12D-4960-AB75-6EBC31768357}.Release|ARM.ActiveCfg = Release|Any CPU
		{F1910EBF-A12D-4960-AB75-6EBC31768357}.Release|ARM.Build.0 = Release|Any CPU
		{F1910EBF-A12D-4960-AB75-6EBC31768357}.Release|ARM64.ActiveCfg = Release|Any CPU
		{F1910EBF-A12D-4960-AB75-6EBC31768357}.Release|ARM64.Build.0 = Release|Any CPU
		{F1910EBF-A12D-4960-AB75-6EBC31768357}.Release|x64.ActiveCfg = Release|Any CPU
		{F1910EBF-A12D-4960-AB75-6EBC31768357}.Release|x64.Build.0 = Release|Any CPU
		{F1910EBF-A12D-4960-AB75-6EBC31768357}.Release|x86.ActiveCfg = Release|Any CPU
		{F1910EBF-A12D-4960-AB75-6EBC31768357}.Release|x86.Build.0 = Release|Any CPU
		{27E76A76-E0B6-4EF2-9F70-6028AA480937}.Debug|Any CPU.ActiveCfg = Debug|Any CPU
		{27E76A76-E0B6-4EF2-9F70-6028AA480937}.Debug|ARM.ActiveCfg = Debug|Any CPU
		{27E76A76-E0B6-4EF2-9F70-6028AA480937}.Debug|ARM.Build.0 = Debug|Any CPU
		{27E76A76-E0B6-4EF2-9F70-6028AA480937}.Debug|ARM64.ActiveCfg = Debug|Any CPU
		{27E76A76-E0B6-4EF2-9F70-6028AA480937}.Debug|ARM64.Build.0 = Debug|Any CPU
		{27E76A76-E0B6-4EF2-9F70-6028AA480937}.Debug|x64.ActiveCfg = Debug|Any CPU
		{27E76A76-E0B6-4EF2-9F70-6028AA480937}.Debug|x64.Build.0 = Debug|Any CPU
		{27E76A76-E0B6-4EF2-9F70-6028AA480937}.Debug|x86.ActiveCfg = Debug|Any CPU
		{27E76A76-E0B6-4EF2-9F70-6028AA480937}.Debug|x86.Build.0 = Debug|Any CPU
		{27E76A76-E0B6-4EF2-9F70-6028AA480937}.Release|Any CPU.ActiveCfg = Release|Any CPU
		{27E76A76-E0B6-4EF2-9F70-6028AA480937}.Release|Any CPU.Build.0 = Release|Any CPU
		{27E76A76-E0B6-4EF2-9F70-6028AA480937}.Release|ARM.ActiveCfg = Release|Any CPU
		{27E76A76-E0B6-4EF2-9F70-6028AA480937}.Release|ARM.Build.0 = Release|Any CPU
		{27E76A76-E0B6-4EF2-9F70-6028AA480937}.Release|ARM64.ActiveCfg = Release|Any CPU
		{27E76A76-E0B6-4EF2-9F70-6028AA480937}.Release|ARM64.Build.0 = Release|Any CPU
		{27E76A76-E0B6-4EF2-9F70-6028AA480937}.Release|x64.ActiveCfg = Release|Any CPU
		{27E76A76-E0B6-4EF2-9F70-6028AA480937}.Release|x64.Build.0 = Release|Any CPU
		{27E76A76-E0B6-4EF2-9F70-6028AA480937}.Release|x86.ActiveCfg = Release|Any CPU
		{27E76A76-E0B6-4EF2-9F70-6028AA480937}.Release|x86.Build.0 = Release|Any CPU
		{0AB61141-5CE3-4170-8C3F-05C6FC54CD98}.Debug|Any CPU.ActiveCfg = Debug|Any CPU
		{0AB61141-5CE3-4170-8C3F-05C6FC54CD98}.Debug|ARM.ActiveCfg = Debug|Any CPU
		{0AB61141-5CE3-4170-8C3F-05C6FC54CD98}.Debug|ARM.Build.0 = Debug|Any CPU
		{0AB61141-5CE3-4170-8C3F-05C6FC54CD98}.Debug|ARM64.ActiveCfg = Debug|Any CPU
		{0AB61141-5CE3-4170-8C3F-05C6FC54CD98}.Debug|ARM64.Build.0 = Debug|Any CPU
		{0AB61141-5CE3-4170-8C3F-05C6FC54CD98}.Debug|x64.ActiveCfg = Debug|Any CPU
		{0AB61141-5CE3-4170-8C3F-05C6FC54CD98}.Debug|x64.Build.0 = Debug|Any CPU
		{0AB61141-5CE3-4170-8C3F-05C6FC54CD98}.Debug|x86.ActiveCfg = Debug|Any CPU
		{0AB61141-5CE3-4170-8C3F-05C6FC54CD98}.Debug|x86.Build.0 = Debug|Any CPU
		{0AB61141-5CE3-4170-8C3F-05C6FC54CD98}.Release|Any CPU.ActiveCfg = Release|Any CPU
		{0AB61141-5CE3-4170-8C3F-05C6FC54CD98}.Release|Any CPU.Build.0 = Release|Any CPU
		{0AB61141-5CE3-4170-8C3F-05C6FC54CD98}.Release|ARM.ActiveCfg = Release|Any CPU
		{0AB61141-5CE3-4170-8C3F-05C6FC54CD98}.Release|ARM.Build.0 = Release|Any CPU
		{0AB61141-5CE3-4170-8C3F-05C6FC54CD98}.Release|ARM64.ActiveCfg = Release|Any CPU
		{0AB61141-5CE3-4170-8C3F-05C6FC54CD98}.Release|ARM64.Build.0 = Release|Any CPU
		{0AB61141-5CE3-4170-8C3F-05C6FC54CD98}.Release|x64.ActiveCfg = Release|Any CPU
		{0AB61141-5CE3-4170-8C3F-05C6FC54CD98}.Release|x64.Build.0 = Release|Any CPU
		{0AB61141-5CE3-4170-8C3F-05C6FC54CD98}.Release|x86.ActiveCfg = Release|Any CPU
		{0AB61141-5CE3-4170-8C3F-05C6FC54CD98}.Release|x86.Build.0 = Release|Any CPU
		{78267E42-F830-4D4A-BE30-BD51F56D4B33}.Debug|Any CPU.ActiveCfg = Debug|Win32
		{78267E42-F830-4D4A-BE30-BD51F56D4B33}.Debug|ARM.ActiveCfg = Debug|Win32
		{78267E42-F830-4D4A-BE30-BD51F56D4B33}.Debug|ARM64.ActiveCfg = Debug|Win32
		{78267E42-F830-4D4A-BE30-BD51F56D4B33}.Debug|x64.ActiveCfg = Debug|x64
		{78267E42-F830-4D4A-BE30-BD51F56D4B33}.Debug|x64.Build.0 = Debug|x64
		{78267E42-F830-4D4A-BE30-BD51F56D4B33}.Debug|x86.ActiveCfg = Debug|Win32
		{78267E42-F830-4D4A-BE30-BD51F56D4B33}.Debug|x86.Build.0 = Debug|Win32
		{78267E42-F830-4D4A-BE30-BD51F56D4B33}.Release|Any CPU.ActiveCfg = Release|Win32
		{78267E42-F830-4D4A-BE30-BD51F56D4B33}.Release|ARM.ActiveCfg = Release|Win32
		{78267E42-F830-4D4A-BE30-BD51F56D4B33}.Release|ARM64.ActiveCfg = Release|Win32
		{78267E42-F830-4D4A-BE30-BD51F56D4B33}.Release|x64.ActiveCfg = Release|x64
		{78267E42-F830-4D4A-BE30-BD51F56D4B33}.Release|x64.Build.0 = Release|x64
		{78267E42-F830-4D4A-BE30-BD51F56D4B33}.Release|x86.ActiveCfg = Release|Win32
		{78267E42-F830-4D4A-BE30-BD51F56D4B33}.Release|x86.Build.0 = Release|Win32
		{6785A6C3-348D-4595-B53C-DDD0FCCA0684}.Debug|Any CPU.ActiveCfg = Debug|Any CPU
		{6785A6C3-348D-4595-B53C-DDD0FCCA0684}.Debug|ARM.ActiveCfg = Debug|Any CPU
		{6785A6C3-348D-4595-B53C-DDD0FCCA0684}.Debug|ARM.Build.0 = Debug|Any CPU
		{6785A6C3-348D-4595-B53C-DDD0FCCA0684}.Debug|ARM64.ActiveCfg = Debug|Any CPU
		{6785A6C3-348D-4595-B53C-DDD0FCCA0684}.Debug|ARM64.Build.0 = Debug|Any CPU
		{6785A6C3-348D-4595-B53C-DDD0FCCA0684}.Debug|x64.ActiveCfg = Debug|Any CPU
		{6785A6C3-348D-4595-B53C-DDD0FCCA0684}.Debug|x64.Build.0 = Debug|Any CPU
		{6785A6C3-348D-4595-B53C-DDD0FCCA0684}.Debug|x86.ActiveCfg = Debug|Any CPU
		{6785A6C3-348D-4595-B53C-DDD0FCCA0684}.Debug|x86.Build.0 = Debug|Any CPU
		{6785A6C3-348D-4595-B53C-DDD0FCCA0684}.Release|Any CPU.ActiveCfg = Release|Any CPU
		{6785A6C3-348D-4595-B53C-DDD0FCCA0684}.Release|Any CPU.Build.0 = Release|Any CPU
		{6785A6C3-348D-4595-B53C-DDD0FCCA0684}.Release|ARM.ActiveCfg = Release|Any CPU
		{6785A6C3-348D-4595-B53C-DDD0FCCA0684}.Release|ARM.Build.0 = Release|Any CPU
		{6785A6C3-348D-4595-B53C-DDD0FCCA0684}.Release|ARM64.ActiveCfg = Release|Any CPU
		{6785A6C3-348D-4595-B53C-DDD0FCCA0684}.Release|ARM64.Build.0 = Release|Any CPU
		{6785A6C3-348D-4595-B53C-DDD0FCCA0684}.Release|x64.ActiveCfg = Release|Any CPU
		{6785A6C3-348D-4595-B53C-DDD0FCCA0684}.Release|x64.Build.0 = Release|Any CPU
		{6785A6C3-348D-4595-B53C-DDD0FCCA0684}.Release|x86.ActiveCfg = Release|Any CPU
		{6785A6C3-348D-4595-B53C-DDD0FCCA0684}.Release|x86.Build.0 = Release|Any CPU
		{9C0A550F-9DFB-4E0C-998F-C784351ACD37}.Debug|Any CPU.ActiveCfg = Debug|Win32
		{9C0A550F-9DFB-4E0C-998F-C784351ACD37}.Debug|Any CPU.Deploy.0 = Debug|Win32
		{9C0A550F-9DFB-4E0C-998F-C784351ACD37}.Debug|ARM.ActiveCfg = Debug|ARM
		{9C0A550F-9DFB-4E0C-998F-C784351ACD37}.Debug|ARM.Build.0 = Debug|ARM
		{9C0A550F-9DFB-4E0C-998F-C784351ACD37}.Debug|ARM.Deploy.0 = Debug|ARM
		{9C0A550F-9DFB-4E0C-998F-C784351ACD37}.Debug|ARM64.ActiveCfg = Debug|ARM64
		{9C0A550F-9DFB-4E0C-998F-C784351ACD37}.Debug|ARM64.Build.0 = Debug|ARM64
		{9C0A550F-9DFB-4E0C-998F-C784351ACD37}.Debug|ARM64.Deploy.0 = Debug|ARM64
		{9C0A550F-9DFB-4E0C-998F-C784351ACD37}.Debug|x64.ActiveCfg = Debug|x64
		{9C0A550F-9DFB-4E0C-998F-C784351ACD37}.Debug|x64.Build.0 = Debug|x64
		{9C0A550F-9DFB-4E0C-998F-C784351ACD37}.Debug|x64.Deploy.0 = Debug|x64
		{9C0A550F-9DFB-4E0C-998F-C784351ACD37}.Debug|x86.ActiveCfg = Debug|Win32
		{9C0A550F-9DFB-4E0C-998F-C784351ACD37}.Debug|x86.Build.0 = Debug|Win32
		{9C0A550F-9DFB-4E0C-998F-C784351ACD37}.Debug|x86.Deploy.0 = Debug|Win32
		{9C0A550F-9DFB-4E0C-998F-C784351ACD37}.Release|Any CPU.ActiveCfg = Release|Win32
		{9C0A550F-9DFB-4E0C-998F-C784351ACD37}.Release|ARM.ActiveCfg = Release|ARM
		{9C0A550F-9DFB-4E0C-998F-C784351ACD37}.Release|ARM.Build.0 = Release|ARM
		{9C0A550F-9DFB-4E0C-998F-C784351ACD37}.Release|ARM.Deploy.0 = Release|ARM
		{9C0A550F-9DFB-4E0C-998F-C784351ACD37}.Release|ARM64.ActiveCfg = Release|ARM64
		{9C0A550F-9DFB-4E0C-998F-C784351ACD37}.Release|ARM64.Build.0 = Release|ARM64
		{9C0A550F-9DFB-4E0C-998F-C784351ACD37}.Release|ARM64.Deploy.0 = Release|ARM64
		{9C0A550F-9DFB-4E0C-998F-C784351ACD37}.Release|x64.ActiveCfg = Release|x64
		{9C0A550F-9DFB-4E0C-998F-C784351ACD37}.Release|x64.Build.0 = Release|x64
		{9C0A550F-9DFB-4E0C-998F-C784351ACD37}.Release|x64.Deploy.0 = Release|x64
		{9C0A550F-9DFB-4E0C-998F-C784351ACD37}.Release|x86.ActiveCfg = Release|Win32
		{9C0A550F-9DFB-4E0C-998F-C784351ACD37}.Release|x86.Build.0 = Release|Win32
		{9C0A550F-9DFB-4E0C-998F-C784351ACD37}.Release|x86.Deploy.0 = Release|Win32
		{CFE20B6B-73E0-415E-9E2A-3B653A7160A2}.Debug|Any CPU.ActiveCfg = Debug|Win32
		{CFE20B6B-73E0-415E-9E2A-3B653A7160A2}.Debug|ARM.ActiveCfg = Debug|Win32
		{CFE20B6B-73E0-415E-9E2A-3B653A7160A2}.Debug|ARM64.ActiveCfg = Debug|Win32
		{CFE20B6B-73E0-415E-9E2A-3B653A7160A2}.Debug|x64.ActiveCfg = Debug|x64
		{CFE20B6B-73E0-415E-9E2A-3B653A7160A2}.Debug|x64.Build.0 = Debug|x64
		{CFE20B6B-73E0-415E-9E2A-3B653A7160A2}.Debug|x86.ActiveCfg = Debug|Win32
		{CFE20B6B-73E0-415E-9E2A-3B653A7160A2}.Debug|x86.Build.0 = Debug|Win32
		{CFE20B6B-73E0-415E-9E2A-3B653A7160A2}.Release|Any CPU.ActiveCfg = Release|Win32
		{CFE20B6B-73E0-415E-9E2A-3B653A7160A2}.Release|ARM.ActiveCfg = Release|Win32
		{CFE20B6B-73E0-415E-9E2A-3B653A7160A2}.Release|ARM64.ActiveCfg = Release|Win32
		{CFE20B6B-73E0-415E-9E2A-3B653A7160A2}.Release|x64.ActiveCfg = Release|x64
		{CFE20B6B-73E0-415E-9E2A-3B653A7160A2}.Release|x64.Build.0 = Release|x64
		{CFE20B6B-73E0-415E-9E2A-3B653A7160A2}.Release|x86.ActiveCfg = Release|Win32
		{CFE20B6B-73E0-415E-9E2A-3B653A7160A2}.Release|x86.Build.0 = Release|Win32
		{6A0638BB-EF1D-48D7-B879-D857A78C3845}.Debug|Any CPU.ActiveCfg = Debug|Any CPU
		{6A0638BB-EF1D-48D7-B879-D857A78C3845}.Debug|ARM.ActiveCfg = Debug|Any CPU
		{6A0638BB-EF1D-48D7-B879-D857A78C3845}.Debug|ARM.Build.0 = Debug|Any CPU
		{6A0638BB-EF1D-48D7-B879-D857A78C3845}.Debug|ARM64.ActiveCfg = Debug|Any CPU
		{6A0638BB-EF1D-48D7-B879-D857A78C3845}.Debug|ARM64.Build.0 = Debug|Any CPU
		{6A0638BB-EF1D-48D7-B879-D857A78C3845}.Debug|x64.ActiveCfg = Debug|Any CPU
		{6A0638BB-EF1D-48D7-B879-D857A78C3845}.Debug|x64.Build.0 = Debug|Any CPU
		{6A0638BB-EF1D-48D7-B879-D857A78C3845}.Debug|x86.ActiveCfg = Debug|Any CPU
		{6A0638BB-EF1D-48D7-B879-D857A78C3845}.Debug|x86.Build.0 = Debug|Any CPU
		{6A0638BB-EF1D-48D7-B879-D857A78C3845}.Release|Any CPU.ActiveCfg = Release|Any CPU
		{6A0638BB-EF1D-48D7-B879-D857A78C3845}.Release|Any CPU.Build.0 = Release|Any CPU
		{6A0638BB-EF1D-48D7-B879-D857A78C3845}.Release|ARM.ActiveCfg = Release|Any CPU
		{6A0638BB-EF1D-48D7-B879-D857A78C3845}.Release|ARM.Build.0 = Release|Any CPU
		{6A0638BB-EF1D-48D7-B879-D857A78C3845}.Release|ARM64.ActiveCfg = Release|Any CPU
		{6A0638BB-EF1D-48D7-B879-D857A78C3845}.Release|ARM64.Build.0 = Release|Any CPU
		{6A0638BB-EF1D-48D7-B879-D857A78C3845}.Release|x64.ActiveCfg = Release|Any CPU
		{6A0638BB-EF1D-48D7-B879-D857A78C3845}.Release|x64.Build.0 = Release|Any CPU
		{6A0638BB-EF1D-48D7-B879-D857A78C3845}.Release|x86.ActiveCfg = Release|Any CPU
		{6A0638BB-EF1D-48D7-B879-D857A78C3845}.Release|x86.Build.0 = Release|Any CPU
		{B0E219F1-D39D-47D8-95EF-AC110ACD8F1A}.Debug|Any CPU.ActiveCfg = Debug|Win32
		{B0E219F1-D39D-47D8-95EF-AC110ACD8F1A}.Debug|ARM.ActiveCfg = Debug|Win32
		{B0E219F1-D39D-47D8-95EF-AC110ACD8F1A}.Debug|ARM64.ActiveCfg = Debug|Win32
		{B0E219F1-D39D-47D8-95EF-AC110ACD8F1A}.Debug|x64.ActiveCfg = Debug|x64
		{B0E219F1-D39D-47D8-95EF-AC110ACD8F1A}.Debug|x64.Build.0 = Debug|x64
		{B0E219F1-D39D-47D8-95EF-AC110ACD8F1A}.Debug|x86.ActiveCfg = Debug|Win32
		{B0E219F1-D39D-47D8-95EF-AC110ACD8F1A}.Debug|x86.Build.0 = Debug|Win32
		{B0E219F1-D39D-47D8-95EF-AC110ACD8F1A}.Release|Any CPU.ActiveCfg = Release|Win32
		{B0E219F1-D39D-47D8-95EF-AC110ACD8F1A}.Release|ARM.ActiveCfg = Release|Win32
		{B0E219F1-D39D-47D8-95EF-AC110ACD8F1A}.Release|ARM64.ActiveCfg = Release|Win32
		{B0E219F1-D39D-47D8-95EF-AC110ACD8F1A}.Release|x64.ActiveCfg = Release|x64
		{B0E219F1-D39D-47D8-95EF-AC110ACD8F1A}.Release|x64.Build.0 = Release|x64
		{B0E219F1-D39D-47D8-95EF-AC110ACD8F1A}.Release|x86.ActiveCfg = Release|Win32
		{B0E219F1-D39D-47D8-95EF-AC110ACD8F1A}.Release|x86.Build.0 = Release|Win32
		{5A972A08-B721-40FB-9ED7-72FB5F0BD43C}.Debug|Any CPU.ActiveCfg = Debug|Win32
		{5A972A08-B721-40FB-9ED7-72FB5F0BD43C}.Debug|ARM.ActiveCfg = Debug|Win32
		{5A972A08-B721-40FB-9ED7-72FB5F0BD43C}.Debug|ARM64.ActiveCfg = Debug|Win32
		{5A972A08-B721-40FB-9ED7-72FB5F0BD43C}.Debug|x64.ActiveCfg = Debug|x64
		{5A972A08-B721-40FB-9ED7-72FB5F0BD43C}.Debug|x64.Build.0 = Debug|x64
		{5A972A08-B721-40FB-9ED7-72FB5F0BD43C}.Debug|x86.ActiveCfg = Debug|Win32
		{5A972A08-B721-40FB-9ED7-72FB5F0BD43C}.Debug|x86.Build.0 = Debug|Win32
		{5A972A08-B721-40FB-9ED7-72FB5F0BD43C}.Release|Any CPU.ActiveCfg = Release|Win32
		{5A972A08-B721-40FB-9ED7-72FB5F0BD43C}.Release|ARM.ActiveCfg = Release|Win32
		{5A972A08-B721-40FB-9ED7-72FB5F0BD43C}.Release|ARM64.ActiveCfg = Release|Win32
		{5A972A08-B721-40FB-9ED7-72FB5F0BD43C}.Release|x64.ActiveCfg = Release|x64
		{5A972A08-B721-40FB-9ED7-72FB5F0BD43C}.Release|x64.Build.0 = Release|x64
		{5A972A08-B721-40FB-9ED7-72FB5F0BD43C}.Release|x86.ActiveCfg = Release|Win32
		{5A972A08-B721-40FB-9ED7-72FB5F0BD43C}.Release|x86.Build.0 = Release|Win32
		{6EE90B56-9A9D-455B-AD0C-053C2808793D}.Debug|Any CPU.ActiveCfg = Debug|Win32
		{6EE90B56-9A9D-455B-AD0C-053C2808793D}.Debug|ARM.ActiveCfg = Debug|Win32
		{6EE90B56-9A9D-455B-AD0C-053C2808793D}.Debug|ARM64.ActiveCfg = Debug|Win32
		{6EE90B56-9A9D-455B-AD0C-053C2808793D}.Debug|x64.ActiveCfg = Debug|x64
		{6EE90B56-9A9D-455B-AD0C-053C2808793D}.Debug|x64.Build.0 = Debug|x64
		{6EE90B56-9A9D-455B-AD0C-053C2808793D}.Debug|x86.ActiveCfg = Debug|Win32
		{6EE90B56-9A9D-455B-AD0C-053C2808793D}.Debug|x86.Build.0 = Debug|Win32
		{6EE90B56-9A9D-455B-AD0C-053C2808793D}.Release|Any CPU.ActiveCfg = Release|Win32
		{6EE90B56-9A9D-455B-AD0C-053C2808793D}.Release|ARM.ActiveCfg = Release|Win32
		{6EE90B56-9A9D-455B-AD0C-053C2808793D}.Release|ARM64.ActiveCfg = Release|Win32
		{6EE90B56-9A9D-455B-AD0C-053C2808793D}.Release|x64.ActiveCfg = Release|x64
		{6EE90B56-9A9D-455B-AD0C-053C2808793D}.Release|x64.Build.0 = Release|x64
		{6EE90B56-9A9D-455B-AD0C-053C2808793D}.Release|x86.ActiveCfg = Release|Win32
		{6EE90B56-9A9D-455B-AD0C-053C2808793D}.Release|x86.Build.0 = Release|Win32
		{925D4A6B-8098-4313-8BD7-B91E0290F511}.Debug|Any CPU.ActiveCfg = Debug|Win32
		{925D4A6B-8098-4313-8BD7-B91E0290F511}.Debug|ARM.ActiveCfg = Debug|Win32
		{925D4A6B-8098-4313-8BD7-B91E0290F511}.Debug|ARM64.ActiveCfg = Debug|Win32
		{925D4A6B-8098-4313-8BD7-B91E0290F511}.Debug|x64.ActiveCfg = Debug|x64
		{925D4A6B-8098-4313-8BD7-B91E0290F511}.Debug|x64.Build.0 = Debug|x64
		{925D4A6B-8098-4313-8BD7-B91E0290F511}.Debug|x86.ActiveCfg = Debug|Win32
		{925D4A6B-8098-4313-8BD7-B91E0290F511}.Debug|x86.Build.0 = Debug|Win32
		{925D4A6B-8098-4313-8BD7-B91E0290F511}.Release|Any CPU.ActiveCfg = Release|Win32
		{925D4A6B-8098-4313-8BD7-B91E0290F511}.Release|ARM.ActiveCfg = Release|Win32
		{925D4A6B-8098-4313-8BD7-B91E0290F511}.Release|ARM64.ActiveCfg = Release|Win32
		{925D4A6B-8098-4313-8BD7-B91E0290F511}.Release|x64.ActiveCfg = Release|x64
		{925D4A6B-8098-4313-8BD7-B91E0290F511}.Release|x64.Build.0 = Release|x64
		{925D4A6B-8098-4313-8BD7-B91E0290F511}.Release|x86.ActiveCfg = Release|Win32
		{925D4A6B-8098-4313-8BD7-B91E0290F511}.Release|x86.Build.0 = Release|Win32
	EndGlobalSection
	GlobalSection(SolutionProperties) = preSolution
		HideSolutionNode = FALSE
	EndGlobalSection
	GlobalSection(ExtensibilityGlobals) = postSolution
		SolutionGuid = {5D83F6E4-8F1D-49E1-A03D-9DA6BAC64415}
	EndGlobalSection
EndGlobal
