
Microsoft Visual Studio Solution File, Format Version 12.00
# Visual Studio 15
VisualStudioVersion = 15.0.28307.438
MinimumVisualStudioVersion = 10.0.40219.1
Project("{E24C65DC-7377-472B-9ABA-BC803B73C61A}") = "TailspinSpyworks", "TailspinSpyworks\", "{4D7755AE-371A-4FFD-BF46-030806DBFDC1}"
	ProjectSection(WebsiteProperties) = preProject
		TargetFrameworkMoniker = ".NETFramework,Version%3Dv4.0"
		Debug.AspNetCompiler.VirtualPath = "/localhost_8206"
		Debug.AspNetCompiler.PhysicalPath = "TailspinSpyworks\"
		Debug.AspNetCompiler.TargetPath = "PrecompiledWeb\localhost_8206\"
		Debug.AspNetCompiler.Updateable = "true"
		Debug.AspNetCompiler.ForceOverwrite = "true"
		Debug.AspNetCompiler.FixedNames = "false"
		Debug.AspNetCompiler.Debug = "True"
		Release.AspNetCompiler.VirtualPath = "/localhost_8206"
		Release.AspNetCompiler.PhysicalPath = "TailspinSpyworks\"
		Release.AspNetCompiler.TargetPath = "PrecompiledWeb\localhost_8206\"
		Release.AspNetCompiler.Updateable = "true"
		Release.AspNetCompiler.ForceOverwrite = "true"
		Release.AspNetCompiler.FixedNames = "false"
		Release.AspNetCompiler.Debug = "False"
		VWDPort = "8206"
		SlnRelativePath = "TailspinSpyworks\"
		DefaultWebSiteLanguage = "Visual C#"
	EndProjectSection
EndProject
Global
	GlobalSection(SolutionConfigurationPlatforms) = preSolution
		Debug|Any CPU = Debug|Any CPU
	EndGlobalSection
	GlobalSection(ProjectConfigurationPlatforms) = postSolution
		{4D7755AE-371A-4FFD-BF46-030806DBFDC1}.Debug|Any CPU.ActiveCfg = Debug|Any CPU
		{4D7755AE-371A-4FFD-BF46-030806DBFDC1}.Debug|Any CPU.Build.0 = Debug|Any CPU
	EndGlobalSection
	GlobalSection(SolutionProperties) = preSolution
		HideSolutionNode = FALSE
	EndGlobalSection
	GlobalSection(ExtensibilityGlobals) = postSolution
		SolutionGuid = {356A5067-2995-4B5B-8758-65D85C2C67CD}
	EndGlobalSection
EndGlobal
